{
  "lockfile_version": "1",
  "packages": {
    "binaryen@latest": {
      "last_modified": "2024-03-08T13:51:52Z",
      "resolved": "github:NixOS/nixpkgs/a343533bccc62400e8a9560423486a3b6c11a23b#binaryen",
      "source": "devbox-search",
      "version": "116",
      "systems": {
        "aarch64-darwin": {
          "outputs": [
            {
              "name": "out",
              "path": "/nix/store/dlzmq4vy5xg0hrx8hdsh2ay2kdf8xlx3-binaryen-116",
              "default": true
            }
          ],
          "store_path": "/nix/store/dlzmq4vy5xg0hrx8hdsh2ay2kdf8xlx3-binaryen-116"
        },
        "aarch64-linux": {
          "outputs": [
            {
              "name": "out",
              "path": "/nix/store/l59azphwi3fsw8pyjjwx5mwgy85aiapl-binaryen-116",
              "default": true
            }
          ],
          "store_path": "/nix/store/l59azphwi3fsw8pyjjwx5mwgy85aiapl-binaryen-116"
        },
        "x86_64-darwin": {
          "outputs": [
            {
              "name": "out",
              "path": "/nix/store/9bk2xqdsp0f03jbyrib65zhqz9n4g4ai-binaryen-116",
              "default": true
            }
          ],
          "store_path": "/nix/store/9bk2xqdsp0f03jbyrib65zhqz9n4g4ai-binaryen-116"
        },
        "x86_64-linux": {
          "outputs": [
            {
              "name": "out",
              "path": "/nix/store/20fyrrsh173bgaw9bwx4ai5djnmwbbxg-binaryen-116",
              "default": true
            }
          ],
          "store_path": "/nix/store/20fyrrsh173bgaw9bwx4ai5djnmwbbxg-binaryen-116"
        }
      }
    },
    "cargo-audit@latest": {
      "last_modified": "2024-03-19T05:49:19Z",
      "resolved": "github:NixOS/nixpkgs/5710127d9693421e78cca4f74fac2db6d67162b1#cargo-audit",
      "source": "devbox-search",
      "version": "0.20.0",
      "systems": {
        "aarch64-darwin": {
          "outputs": [
            {
              "name": "out",
              "path": "/nix/store/1w7jrlday21xjl1vcgpza4i1n7k245bg-cargo-audit-0.20.0",
              "default": true
            }
          ],
          "store_path": "/nix/store/1w7jrlday21xjl1vcgpza4i1n7k245bg-cargo-audit-0.20.0"
        },
        "aarch64-linux": {
          "outputs": [
            {
              "name": "out",
              "path": "/nix/store/wgp2phfwcxdwfc68lpc04px67n9pdnpz-cargo-audit-0.20.0",
              "default": true
            }
          ],
          "store_path": "/nix/store/wgp2phfwcxdwfc68lpc04px67n9pdnpz-cargo-audit-0.20.0"
        },
        "x86_64-darwin": {
          "outputs": [
            {
              "name": "out",
              "path": "/nix/store/b9vlq1wbpq7j91lfbrznss1wsb7c15nj-cargo-audit-0.20.0",
              "default": true
            }
          ],
          "store_path": "/nix/store/b9vlq1wbpq7j91lfbrznss1wsb7c15nj-cargo-audit-0.20.0"
        },
        "x86_64-linux": {
          "outputs": [
            {
              "name": "out",
              "path": "/nix/store/5yc2y8dp616zap31hh8ivbh3x5zr0yy7-cargo-audit-0.20.0",
              "default": true
            }
          ],
          "store_path": "/nix/store/5yc2y8dp616zap31hh8ivbh3x5zr0yy7-cargo-audit-0.20.0"
        }
      }
    },
    "cargo-binstall@latest": {
      "last_modified": "2024-03-19T05:49:19Z",
      "resolved": "github:NixOS/nixpkgs/5710127d9693421e78cca4f74fac2db6d67162b1#cargo-binstall",
      "source": "devbox-search",
      "version": "1.6.4",
      "systems": {
        "aarch64-darwin": {
          "outputs": [
            {
              "name": "out",
              "path": "/nix/store/jlq8br1rw8lrz09kfk0f7wy5l0hmswkl-cargo-binstall-1.6.4",
              "default": true
            }
          ],
          "store_path": "/nix/store/jlq8br1rw8lrz09kfk0f7wy5l0hmswkl-cargo-binstall-1.6.4"
        },
        "aarch64-linux": {
          "outputs": [
            {
              "name": "out",
              "path": "/nix/store/y7i4ckbyspcm8ihd34n1kpwn0kz4kzcj-cargo-binstall-1.6.4",
              "default": true
            }
          ],
          "store_path": "/nix/store/y7i4ckbyspcm8ihd34n1kpwn0kz4kzcj-cargo-binstall-1.6.4"
        },
        "x86_64-darwin": {
          "outputs": [
            {
              "name": "out",
              "path": "/nix/store/87nckm5zacgbrk8nhcxb109jxzm32sv9-cargo-binstall-1.6.4",
              "default": true
            }
          ],
          "store_path": "/nix/store/87nckm5zacgbrk8nhcxb109jxzm32sv9-cargo-binstall-1.6.4"
        },
        "x86_64-linux": {
          "outputs": [
            {
              "name": "out",
              "path": "/nix/store/r9sy5f8xmpf61rjlbd4zp3swr924spy9-cargo-binstall-1.6.4",
              "default": true
            }
          ],
          "store_path": "/nix/store/r9sy5f8xmpf61rjlbd4zp3swr924spy9-cargo-binstall-1.6.4"
        }
      }
    },
    "cargo-chef@latest": {
      "last_modified": "2024-03-19T05:49:19Z",
      "resolved": "github:NixOS/nixpkgs/5710127d9693421e78cca4f74fac2db6d67162b1#cargo-chef",
      "source": "devbox-search",
      "version": "0.1.66",
      "systems": {
        "aarch64-darwin": {
          "outputs": [
            {
              "name": "out",
              "path": "/nix/store/l887ds4ba75hr8wkk5q8hc4b7ai5j2jy-cargo-chef-0.1.66",
              "default": true
            }
          ],
          "store_path": "/nix/store/l887ds4ba75hr8wkk5q8hc4b7ai5j2jy-cargo-chef-0.1.66"
        },
        "aarch64-linux": {
          "outputs": [
            {
              "name": "out",
              "path": "/nix/store/56wrx4ljv7cvs2n75nzq9i0sajnrqq0c-cargo-chef-0.1.66",
              "default": true
            }
          ],
          "store_path": "/nix/store/56wrx4ljv7cvs2n75nzq9i0sajnrqq0c-cargo-chef-0.1.66"
        },
        "x86_64-darwin": {
          "outputs": [
            {
              "name": "out",
              "path": "/nix/store/dqjv7zml5ix3wg4cjqy19rqbxhrdsns1-cargo-chef-0.1.66",
              "default": true
            }
          ],
          "store_path": "/nix/store/dqjv7zml5ix3wg4cjqy19rqbxhrdsns1-cargo-chef-0.1.66"
        },
        "x86_64-linux": {
          "outputs": [
            {
              "name": "out",
              "path": "/nix/store/1xnk4vnnh8kn5d4h70gsrcramng70yds-cargo-chef-0.1.66",
              "default": true
            }
          ],
          "store_path": "/nix/store/1xnk4vnnh8kn5d4h70gsrcramng70yds-cargo-chef-0.1.66"
        }
      }
    },
    "cargo-expand@latest": {
      "last_modified": "2024-03-19T05:49:19Z",
      "resolved": "github:NixOS/nixpkgs/5710127d9693421e78cca4f74fac2db6d67162b1#cargo-expand",
      "source": "devbox-search",
      "version": "1.0.79",
      "systems": {
        "aarch64-darwin": {
          "outputs": [
            {
              "name": "out",
              "path": "/nix/store/w2zb06779m0ws34c6bg1m21p0zc3m6hs-cargo-expand-1.0.79",
              "default": true
            }
          ],
          "store_path": "/nix/store/w2zb06779m0ws34c6bg1m21p0zc3m6hs-cargo-expand-1.0.79"
        },
        "aarch64-linux": {
          "outputs": [
            {
              "name": "out",
              "path": "/nix/store/6b9hbx2081dg21x9m5ajnp92agyf8n34-cargo-expand-1.0.79",
              "default": true
            }
          ],
          "store_path": "/nix/store/6b9hbx2081dg21x9m5ajnp92agyf8n34-cargo-expand-1.0.79"
        },
        "x86_64-darwin": {
          "outputs": [
            {
              "name": "out",
              "path": "/nix/store/yn17h40vxdkgjr1bnna0k643xl4i75q9-cargo-expand-1.0.79",
              "default": true
            }
          ],
          "store_path": "/nix/store/yn17h40vxdkgjr1bnna0k643xl4i75q9-cargo-expand-1.0.79"
        },
        "x86_64-linux": {
          "outputs": [
            {
              "name": "out",
              "path": "/nix/store/c23gq2vbv69zh8ycd8f75nmfhn58xvpr-cargo-expand-1.0.79",
              "default": true
            }
          ],
          "store_path": "/nix/store/c23gq2vbv69zh8ycd8f75nmfhn58xvpr-cargo-expand-1.0.79"
        }
      }
    },
    "cargo-nextest@latest": {
      "last_modified": "2024-03-19T05:49:19Z",
      "resolved": "github:NixOS/nixpkgs/5710127d9693421e78cca4f74fac2db6d67162b1#cargo-nextest",
      "source": "devbox-search",
      "version": "0.9.68",
      "systems": {
        "aarch64-darwin": {
          "outputs": [
            {
              "name": "out",
              "path": "/nix/store/rcp0r5z9icr27rcrqbi7rbw8zkmy4lbl-cargo-nextest-0.9.68",
              "default": true
            }
          ],
          "store_path": "/nix/store/rcp0r5z9icr27rcrqbi7rbw8zkmy4lbl-cargo-nextest-0.9.68"
        },
        "aarch64-linux": {
          "outputs": [
            {
              "name": "out",
              "path": "/nix/store/zr0my55ym3vdbf395llvhak4z98nfc20-cargo-nextest-0.9.68",
              "default": true
            }
          ],
          "store_path": "/nix/store/zr0my55ym3vdbf395llvhak4z98nfc20-cargo-nextest-0.9.68"
        },
        "x86_64-darwin": {
          "outputs": [
            {
              "name": "out",
              "path": "/nix/store/7vyj4s0vr6f8kgvnk3ywd5kql0bcca4k-cargo-nextest-0.9.68",
              "default": true
            }
          ],
          "store_path": "/nix/store/7vyj4s0vr6f8kgvnk3ywd5kql0bcca4k-cargo-nextest-0.9.68"
        },
        "x86_64-linux": {
          "outputs": [
            {
              "name": "out",
              "path": "/nix/store/r4850smjgwwwcn4qqb4w7p73hjdyklf0-cargo-nextest-0.9.68",
              "default": true
            }
          ],
          "store_path": "/nix/store/r4850smjgwwwcn4qqb4w7p73hjdyklf0-cargo-nextest-0.9.68"
        }
      }
    },
    "cargo-outdated@latest": {
      "last_modified": "2024-03-19T05:49:19Z",
      "resolved": "github:NixOS/nixpkgs/5710127d9693421e78cca4f74fac2db6d67162b1#cargo-outdated",
      "source": "devbox-search",
      "version": "0.14.0",
      "systems": {
        "aarch64-darwin": {
          "outputs": [
            {
              "name": "out",
              "path": "/nix/store/lcga09kf0d4hvbfz99g9v5nq41fy5zp2-cargo-outdated-0.14.0",
              "default": true
            }
          ],
          "store_path": "/nix/store/lcga09kf0d4hvbfz99g9v5nq41fy5zp2-cargo-outdated-0.14.0"
        },
        "aarch64-linux": {
          "outputs": [
            {
              "name": "out",
              "path": "/nix/store/a69km16qv3vj3dq4mwyc80k77va3caya-cargo-outdated-0.14.0",
              "default": true
            }
          ],
          "store_path": "/nix/store/a69km16qv3vj3dq4mwyc80k77va3caya-cargo-outdated-0.14.0"
        },
        "x86_64-darwin": {
          "outputs": [
            {
              "name": "out",
              "path": "/nix/store/zjqgdb9bz4nshpgg1q9wvq9lr69ggpnr-cargo-outdated-0.14.0",
              "default": true
            }
          ],
          "store_path": "/nix/store/zjqgdb9bz4nshpgg1q9wvq9lr69ggpnr-cargo-outdated-0.14.0"
        },
        "x86_64-linux": {
          "outputs": [
            {
              "name": "out",
              "path": "/nix/store/jsqcwg4yx6267ffp90wda5p568s79lbl-cargo-outdated-0.14.0",
              "default": true
            }
          ],
          "store_path": "/nix/store/jsqcwg4yx6267ffp90wda5p568s79lbl-cargo-outdated-0.14.0"
        }
      }
    },
    "darwin.apple_sdk.frameworks.Foundation": {
      "resolved": "github:NixOS/nixpkgs/75a52265bda7fd25e06e3a67dee3f0354e73243c#darwin.apple_sdk.frameworks.Foundation",
      "source": "nixpkg"
    },
    "fzf@latest": {
      "last_modified": "2024-03-11T03:54:08Z",
      "resolved": "github:NixOS/nixpkgs/8c4e5e571696d4c476881cf90257c3dd0e66b0dd#fzf",
      "source": "devbox-search",
      "version": "0.47.0",
      "systems": {
        "aarch64-darwin": {
          "outputs": [
            {
              "name": "out",
              "path": "/nix/store/54minir8rjm3f2s7yggk0c9mgr854839-fzf-0.47.0",
              "default": true
            },
            {
              "name": "man",
              "path": "/nix/store/vqkzai2ch60bv39dfw39avchhgd10yrr-fzf-0.47.0-man",
              "default": true
            }
          ],
          "store_path": "/nix/store/54minir8rjm3f2s7yggk0c9mgr854839-fzf-0.47.0"
        },
        "aarch64-linux": {
          "outputs": [
            {
              "name": "out",
              "path": "/nix/store/2vqyx6l7qm10fynz7xln9zhjn1i0g1j0-fzf-0.47.0",
              "default": true
            },
            {
              "name": "man",
              "path": "/nix/store/1fy2frpcs0f50cggmkk37fsaiinbj8y4-fzf-0.47.0-man",
              "default": true
            }
          ],
          "store_path": "/nix/store/2vqyx6l7qm10fynz7xln9zhjn1i0g1j0-fzf-0.47.0"
        },
        "x86_64-darwin": {
          "outputs": [
            {
              "name": "out",
              "path": "/nix/store/3hskkj8zdvz61wscg4xf8gyifsv9bqsv-fzf-0.47.0",
              "default": true
            },
            {
              "name": "man",
              "path": "/nix/store/7mxnjly2njm402ljqhccx0w289lr8dpf-fzf-0.47.0-man",
              "default": true
            }
          ],
          "store_path": "/nix/store/3hskkj8zdvz61wscg4xf8gyifsv9bqsv-fzf-0.47.0"
        },
        "x86_64-linux": {
          "outputs": [
            {
              "name": "out",
              "path": "/nix/store/n1b45358pi8n6bvb53zzmxs5lfxsdhi4-fzf-0.47.0",
              "default": true
            },
            {
              "name": "man",
              "path": "/nix/store/gh0cj539v6i32c2lfhy3v27ff47slm8j-fzf-0.47.0-man",
              "default": true
            }
          ],
          "store_path": "/nix/store/n1b45358pi8n6bvb53zzmxs5lfxsdhi4-fzf-0.47.0"
        }
      }
    },
    "iconv@latest": {
      "last_modified": "2024-03-19T05:49:19Z",
      "resolved": "github:NixOS/nixpkgs/5710127d9693421e78cca4f74fac2db6d67162b1#iconv",
      "source": "devbox-search",
      "version": "2.38-44",
      "systems": {
        "aarch64-linux": {
          "outputs": [
            {
              "name": "bin",
              "path": "/nix/store/a7zychff4w2w5ifjmli75h66adypvgh4-glibc-2.38-44-bin",
              "default": true
            },
            {
              "name": "out",
              "path": "/nix/store/bq6idjyc6jd7kcl1153zx9g1410fz1qh-glibc-2.38-44"
            },
            {
              "name": "static",
              "path": "/nix/store/vd59z627n14mp987qjh85bc27fbgxgvw-glibc-2.38-44-static"
            },
            {
              "name": "debug",
              "path": "/nix/store/6b4rmcna1278sdbwgan36c16hk85syvr-glibc-2.38-44-debug"
            },
            {
              "name": "dev",
              "path": "/nix/store/32206wam95r08x8ck54fjvlqha9p4mvp-glibc-2.38-44-dev"
            },
            {
              "name": "getent",
              "path": "/nix/store/hc6diimikhq8lzhkwgr6bfp0c8h6qjid-glibc-2.38-44-getent"
            }
          ],
          "store_path": "/nix/store/a7zychff4w2w5ifjmli75h66adypvgh4-glibc-2.38-44-bin"
        },
        "x86_64-linux": {
          "outputs": [
            {
              "name": "bin",
              "path": "/nix/store/m9b4wcy4yyn5xcy394h74x7klb28nm2c-glibc-2.38-44-bin",
              "default": true
            },
            {
              "name": "debug",
              "path": "/nix/store/nj9bh485anhg2p9117cbv08l8brdifkg-glibc-2.38-44-debug"
            },
            {
              "name": "dev",
              "path": "/nix/store/p8h8p3ybvhd0j4yanmyr5ypzgqwg6z2n-glibc-2.38-44-dev"
            },
            {
              "name": "getent",
              "path": "/nix/store/lmkmnms5kxqiymm6w00kmbifsji62ank-glibc-2.38-44-getent"
            },
            {
              "name": "out",
              "path": "/nix/store/ksk3rnb0ljx8gngzk19jlmbjyvac4hw6-glibc-2.38-44"
            },
            {
              "name": "static",
              "path": "/nix/store/q8iyhglzyb5j3zxdzsq34fajpavdrp7j-glibc-2.38-44-static"
            }
          ],
          "store_path": "/nix/store/m9b4wcy4yyn5xcy394h74x7klb28nm2c-glibc-2.38-44-bin"
        }
      }
    },
    "just@latest": {
      "last_modified": "2024-03-11T12:11:11Z",
      "resolved": "github:NixOS/nixpkgs/0fbcc4b2e8571f4af39be41752581ea09dd9ab06#just",
      "source": "devbox-search",
      "version": "1.25.2",
      "systems": {
        "aarch64-darwin": {
          "outputs": [
            {
              "name": "out",
              "path": "/nix/store/hifm46fsqsca2pbv7x4h2pfa0spynxz6-just-1.25.2",
              "default": true
            },
            {
              "name": "man",
              "path": "/nix/store/wvhi857knlb4brr6k0ajy2r0j84lf9r9-just-1.25.2-man",
              "default": true
            },
            {
              "name": "doc",
              "path": "/nix/store/151kv1gzckcfav34ldgqir167b6iwrhc-just-1.25.2-doc"
            }
          ],
          "store_path": "/nix/store/hifm46fsqsca2pbv7x4h2pfa0spynxz6-just-1.25.2"
        },
        "aarch64-linux": {
          "outputs": [
            {
              "name": "out",
              "path": "/nix/store/j1lhpgwxp40sn6szmdr7svw4q71h64xd-just-1.25.2",
              "default": true
            },
            {
              "name": "man",
              "path": "/nix/store/i1x6lq1khi6jql56g3kyd62rk134grc7-just-1.25.2-man",
              "default": true
            },
            {
              "name": "doc",
              "path": "/nix/store/msfy34rlggsvqvqkp03hk8qr2pcvs09m-just-1.25.2-doc"
            }
          ],
          "store_path": "/nix/store/j1lhpgwxp40sn6szmdr7svw4q71h64xd-just-1.25.2"
        },
        "x86_64-darwin": {
          "outputs": [
            {
              "name": "out",
              "path": "/nix/store/2k1kcigklz0x3fgy7gxcg18gds2vydrd-just-1.25.2",
              "default": true
            },
            {
              "name": "man",
              "path": "/nix/store/2pazwsd920gvyppyww6b0kb92391nnin-just-1.25.2-man",
              "default": true
            },
            {
              "name": "doc",
              "path": "/nix/store/7ma4zhwxd3x65dphrfmcj4lgrsjlxw49-just-1.25.2-doc"
            }
          ],
          "store_path": "/nix/store/2k1kcigklz0x3fgy7gxcg18gds2vydrd-just-1.25.2"
        },
        "x86_64-linux": {
          "outputs": [
            {
              "name": "out",
              "path": "/nix/store/04bxhg3xjdlnwd43ynddszpahlbi3l2x-just-1.25.2",
              "default": true
            },
            {
              "name": "man",
              "path": "/nix/store/c7rb24yifkqfmgppvq9l6s16nbs1nvbc-just-1.25.2-man",
              "default": true
            },
            {
              "name": "doc",
              "path": "/nix/store/ap79xvqynwpkqfdc1miaq06ji4wm2kwy-just-1.25.2-doc"
            }
          ],
          "store_path": "/nix/store/04bxhg3xjdlnwd43ynddszpahlbi3l2x-just-1.25.2"
        }
      }
    },
    "lld@latest": {
      "last_modified": "2024-06-09T00:38:05Z",
      "resolved": "github:NixOS/nixpkgs/3bcedce9f4de37570242faf16e1e143583407eab#lld",
      "source": "devbox-search",
      "version": "17.0.6",
      "systems": {
        "aarch64-linux": {
          "outputs": [
            {
              "name": "out",
              "path": "/nix/store/2xzzfr23z4v8617lfmsc4cwr0za95yqb-lld-17.0.6",
              "default": true
            },
            {
              "name": "dev",
              "path": "/nix/store/6vb2gcg5nhxjy4fcgq489ab77ddippxh-lld-17.0.6-dev"
            },
            {
              "name": "lib",
              "path": "/nix/store/dlw33pk3424qw2qa5gm5mgwb6w0cmpld-lld-17.0.6-lib"
            }
          ],
          "store_path": "/nix/store/2xzzfr23z4v8617lfmsc4cwr0za95yqb-lld-17.0.6"
        },
        "x86_64-linux": {
          "outputs": [
            {
              "name": "out",
              "path": "/nix/store/bw0xb4cyr625zwgpqdnywsiha1g6cahn-lld-17.0.6",
              "default": true
            },
            {
              "name": "lib",
              "path": "/nix/store/vwp5r8g8swhw63lgws9awd9phsg6f43p-lld-17.0.6-lib"
            },
            {
              "name": "dev",
              "path": "/nix/store/qqakn0q4clra7ciq1g90pmnzlrrabcb0-lld-17.0.6-dev"
            }
          ],
          "store_path": "/nix/store/bw0xb4cyr625zwgpqdnywsiha1g6cahn-lld-17.0.6"
        }
      }
    },
    "nodejs@latest": {
      "last_modified": "2024-03-09T07:11:56Z",
      "plugin_version": "0.0.2",
      "resolved": "github:NixOS/nixpkgs/0e7f98a5f30166cbed344569426850b21e4091d4#nodejs_21",
      "source": "devbox-search",
      "version": "21.7.1",
      "systems": {
        "aarch64-darwin": {
          "outputs": [
            {
              "name": "out",
              "path": "/nix/store/mh1db6rni4mlcr473sh3fy6jg2m38jvg-nodejs-21.7.1",
              "default": true
            },
            {
              "name": "libv8",
              "path": "/nix/store/bn2x9pm3fsnvflwvr72rqrhras5cadiq-nodejs-21.7.1-libv8"
            }
          ],
          "store_path": "/nix/store/mh1db6rni4mlcr473sh3fy6jg2m38jvg-nodejs-21.7.1"
        },
        "aarch64-linux": {
          "outputs": [
            {
              "name": "out",
              "path": "/nix/store/ziyb3ny5f9hcwp0lsb9gwdv1pqsn03x1-nodejs-21.7.1",
              "default": true
            },
            {
              "name": "libv8",
              "path": "/nix/store/1b5fk71c4pka3s88aaijdy0d2zy8jjby-nodejs-21.7.1-libv8"
            }
          ],
          "store_path": "/nix/store/ziyb3ny5f9hcwp0lsb9gwdv1pqsn03x1-nodejs-21.7.1"
        },
        "x86_64-darwin": {
          "outputs": [
            {
              "name": "out",
              "path": "/nix/store/0zaa3aarbsj38g62ihv94gz2hgvgh6bc-nodejs-21.7.1",
              "default": true
            },
            {
              "name": "libv8",
              "path": "/nix/store/rh37hjqlafl12k6ayqjh47i2368crsh4-nodejs-21.7.1-libv8"
            }
          ],
          "store_path": "/nix/store/0zaa3aarbsj38g62ihv94gz2hgvgh6bc-nodejs-21.7.1"
        },
        "x86_64-linux": {
          "outputs": [
            {
              "name": "out",
              "path": "/nix/store/4arhczh30ychpx6h2wpj5nhx39wm0nla-nodejs-21.7.1",
              "default": true
            },
            {
              "name": "libv8",
              "path": "/nix/store/hy0382418bj2gz8045h8y2ih9a2j42py-nodejs-21.7.1-libv8"
            }
          ],
          "store_path": "/nix/store/4arhczh30ychpx6h2wpj5nhx39wm0nla-nodejs-21.7.1"
        }
      }
    },
    "openssl.dev": {
      "resolved": "github:NixOS/nixpkgs/57695599bdc4f7bfe5d28cfa23f14b3d8bdf8a5f#openssl.dev",
      "source": "nixpkg"
    },
    "pkg-config@latest": {
      "last_modified": "2024-03-08T13:51:52Z",
      "resolved": "github:NixOS/nixpkgs/a343533bccc62400e8a9560423486a3b6c11a23b#pkg-config",
      "source": "devbox-search",
      "version": "0.29.2",
      "systems": {
        "aarch64-darwin": {
          "outputs": [
            {
              "name": "out",
              "path": "/nix/store/vr6mmw33z2rdsxplcraxir7yzx7cai5d-pkg-config-wrapper-0.29.2",
              "default": true
            },
            {
              "name": "man",
              "path": "/nix/store/qxrgpqnyl5ignrdp608flb4wy18qp1lr-pkg-config-wrapper-0.29.2-man",
              "default": true
            },
            {
              "name": "doc",
              "path": "/nix/store/8v6hnw89f9hc11d8xd0ybggwk200idbq-pkg-config-wrapper-0.29.2-doc"
            }
          ],
          "store_path": "/nix/store/vr6mmw33z2rdsxplcraxir7yzx7cai5d-pkg-config-wrapper-0.29.2"
        },
        "aarch64-linux": {
          "outputs": [
            {
              "name": "out",
              "path": "/nix/store/8f3jvzqy81k992s4x6779cz1phv66rl9-pkg-config-wrapper-0.29.2",
              "default": true
            },
            {
              "name": "man",
              "path": "/nix/store/2lwvxka60zxnmzd7aclgsgw7b7c0dz0h-pkg-config-wrapper-0.29.2-man",
              "default": true
            },
            {
              "name": "doc",
              "path": "/nix/store/9ydl1kc5r7xkgg0z51v1c2rv3x5c45g8-pkg-config-wrapper-0.29.2-doc"
            }
          ],
          "store_path": "/nix/store/8f3jvzqy81k992s4x6779cz1phv66rl9-pkg-config-wrapper-0.29.2"
        },
        "x86_64-darwin": {
          "outputs": [
            {
              "name": "out",
              "path": "/nix/store/dp7x6a58avvgzy5ihink611p8w715llb-pkg-config-wrapper-0.29.2",
              "default": true
            },
            {
              "name": "man",
              "path": "/nix/store/11bw9nij0vd74x7l97kzyffxwajji6y9-pkg-config-wrapper-0.29.2-man",
              "default": true
            },
            {
              "name": "doc",
              "path": "/nix/store/g8l7pwgkpxyq7p51afw9n7h1nbxclwmb-pkg-config-wrapper-0.29.2-doc"
            }
          ],
          "store_path": "/nix/store/dp7x6a58avvgzy5ihink611p8w715llb-pkg-config-wrapper-0.29.2"
        },
        "x86_64-linux": {
          "outputs": [
            {
              "name": "out",
              "path": "/nix/store/a3752l19hc76dmzh1wgrxbsxh6lfx67z-pkg-config-wrapper-0.29.2",
              "default": true
            },
            {
              "name": "man",
              "path": "/nix/store/s9rrgmabxprkmhiwrh52d5llfzcb6f4c-pkg-config-wrapper-0.29.2-man",
              "default": true
            },
            {
              "name": "doc",
              "path": "/nix/store/0j65n7chzvw3fgcndky6g5zy51lffw8f-pkg-config-wrapper-0.29.2-doc"
            }
          ],
          "store_path": "/nix/store/a3752l19hc76dmzh1wgrxbsxh6lfx67z-pkg-config-wrapper-0.29.2"
        }
      }
    },
    "postgresql_15@latest": {
      "last_modified": "2024-03-08T13:51:52Z",
      "plugin_version": "0.0.2",
      "resolved": "github:NixOS/nixpkgs/a343533bccc62400e8a9560423486a3b6c11a23b#postgresql_15",
      "source": "devbox-search",
      "version": "15.6",
      "systems": {
        "aarch64-darwin": {
          "outputs": [
            {
              "name": "out",
              "path": "/nix/store/3np46k5s4y1i8vncjwi9rffx5f769bzh-postgresql-15.6",
              "default": true
            },
            {
              "name": "man",
              "path": "/nix/store/6gmh84fv986yznrsmc4rjnjjrbwl2rmn-postgresql-15.6-man",
              "default": true
            },
            {
              "name": "doc",
              "path": "/nix/store/v6zpr4acx30a7hpyasq4wx013qyx15pm-postgresql-15.6-doc"
            },
            {
              "name": "lib",
              "path": "/nix/store/652hdk0b141l7fwdi121r6p8rn7zmfrd-postgresql-15.6-lib"
            }
          ],
          "store_path": "/nix/store/3np46k5s4y1i8vncjwi9rffx5f769bzh-postgresql-15.6"
        },
        "aarch64-linux": {
          "outputs": [
            {
              "name": "out",
              "path": "/nix/store/3sjfbgsni8z05s1f42lsf31j8sgk2kdq-postgresql-15.6",
              "default": true
            },
            {
              "name": "man",
              "path": "/nix/store/0dn4m6zmwiwbgdm18kv18kgfgjivr07x-postgresql-15.6-man",
              "default": true
            },
            {
              "name": "doc",
              "path": "/nix/store/yw06fanlnfblyl46c6fcglh1nk8cpkj7-postgresql-15.6-doc"
            },
            {
              "name": "lib",
              "path": "/nix/store/ix4izgs7pgj9q2jwjd0s5n5qfcirqdm2-postgresql-15.6-lib"
            },
            {
              "name": "debug",
              "path": "/nix/store/n3rgfkx2hv1kmllljyv01yfvkb4rblay-postgresql-15.6-debug"
            }
          ],
          "store_path": "/nix/store/3sjfbgsni8z05s1f42lsf31j8sgk2kdq-postgresql-15.6"
        },
        "x86_64-darwin": {
          "outputs": [
            {
              "name": "out",
              "path": "/nix/store/nkg7g91zmmhv52h3dif32p33500fndg0-postgresql-15.6",
              "default": true
            },
            {
              "name": "man",
              "path": "/nix/store/bn5h11g26l445m3g4vjw4bb2pn6c8gcj-postgresql-15.6-man",
              "default": true
            },
            {
              "name": "doc",
              "path": "/nix/store/3axwvwskl9hrqnaqn75f7xy4nnsd9sl8-postgresql-15.6-doc"
            },
            {
              "name": "lib",
              "path": "/nix/store/id7n9ylg8fasbqv629qgyqichpwcknwm-postgresql-15.6-lib"
            }
          ],
          "store_path": "/nix/store/nkg7g91zmmhv52h3dif32p33500fndg0-postgresql-15.6"
        },
        "x86_64-linux": {
          "outputs": [
            {
              "name": "out",
              "path": "/nix/store/6mr1dkqqgkm6lhnkvir9i1jim2dnrl8j-postgresql-15.6",
              "default": true
            },
            {
              "name": "man",
              "path": "/nix/store/qvw1zkz79366bw9ns4dww9qjnpl1h9vz-postgresql-15.6-man",
              "default": true
            },
            {
              "name": "debug",
              "path": "/nix/store/9dbijvcwvy4wsm5wy0sh1jn7jfjj9yb1-postgresql-15.6-debug"
            },
            {
              "name": "doc",
              "path": "/nix/store/k70hb7kpkl90mz7697j8jppnx9b33h80-postgresql-15.6-doc"
            },
            {
              "name": "lib",
              "path": "/nix/store/v4sn180ycn472jlj8dxx70d2mp7idzdg-postgresql-15.6-lib"
            }
          ],
          "store_path": "/nix/store/6mr1dkqqgkm6lhnkvir9i1jim2dnrl8j-postgresql-15.6"
        }
      }
    },
    "pre-commit@latest": {
      "last_modified": "2024-03-17T01:03:25Z",
      "resolved": "github:NixOS/nixpkgs/299d4668ba61600311553920d9fd9c102145b2cb#pre-commit",
      "source": "devbox-search",
      "version": "3.6.2",
      "systems": {
        "aarch64-darwin": {
          "outputs": [
            {
              "name": "out",
              "path": "/nix/store/nwrn3g5v9bsrnd88v84q4q9japllx0jb-pre-commit-3.6.2",
              "default": true
            },
            {
              "name": "dist",
              "path": "/nix/store/y3r47sj7njflny4l0x0a96bk24hfh7s4-pre-commit-3.6.2-dist"
            }
          ],
          "store_path": "/nix/store/nwrn3g5v9bsrnd88v84q4q9japllx0jb-pre-commit-3.6.2"
        },
        "aarch64-linux": {
          "outputs": [
            {
              "name": "out",
              "path": "/nix/store/61bnh53x2c6laq7vd7ssr23wm85zifs6-pre-commit-3.6.2",
              "default": true
            },
            {
              "name": "dist",
              "path": "/nix/store/0rdbgni8iyzz32d24adg3rykkp4pc85m-pre-commit-3.6.2-dist"
            }
          ],
          "store_path": "/nix/store/61bnh53x2c6laq7vd7ssr23wm85zifs6-pre-commit-3.6.2"
        },
        "x86_64-darwin": {
          "outputs": [
            {
              "name": "out",
              "path": "/nix/store/dpimv11qs1l3yyzb5nj94p2inpn35yj7-pre-commit-3.6.2",
              "default": true
            },
            {
              "name": "dist",
              "path": "/nix/store/y1sav86i99mz03dp988lf1yxgcsdbff1-pre-commit-3.6.2-dist"
            }
          ],
          "store_path": "/nix/store/dpimv11qs1l3yyzb5nj94p2inpn35yj7-pre-commit-3.6.2"
        },
        "x86_64-linux": {
          "outputs": [
            {
              "name": "out",
              "path": "/nix/store/1n78gswil3nq9fdrff4rb2li4y45y5w4-pre-commit-3.6.2",
              "default": true
            },
            {
              "name": "dist",
              "path": "/nix/store/ljfxnyrk6l9wpq2n5x79asgcw4pj7ay7-pre-commit-3.6.2-dist"
            }
          ],
          "store_path": "/nix/store/1n78gswil3nq9fdrff4rb2li4y45y5w4-pre-commit-3.6.2"
        }
      }
    },
    "process-compose@latest": {
      "last_modified": "2024-03-08T13:51:52Z",
      "resolved": "github:NixOS/nixpkgs/a343533bccc62400e8a9560423486a3b6c11a23b#process-compose",
      "source": "devbox-search",
      "version": "0.88.0",
      "systems": {
        "aarch64-darwin": {
          "outputs": [
            {
              "name": "out",
              "path": "/nix/store/21xmw1whpbizlkaql95af0vkbk384avd-process-compose-0.88.0",
              "default": true
            }
          ],
          "store_path": "/nix/store/21xmw1whpbizlkaql95af0vkbk384avd-process-compose-0.88.0"
        },
        "aarch64-linux": {
          "outputs": [
            {
              "name": "out",
              "path": "/nix/store/63bkwc4gzlyka4l200rwysippnw09xyw-process-compose-0.88.0",
              "default": true
            }
          ],
          "store_path": "/nix/store/63bkwc4gzlyka4l200rwysippnw09xyw-process-compose-0.88.0"
        },
        "x86_64-darwin": {
          "outputs": [
            {
              "name": "out",
              "path": "/nix/store/2xc5626x6ny1vr2nbq3xiz2qkc5g3mcw-process-compose-0.88.0",
              "default": true
            }
          ],
          "store_path": "/nix/store/2xc5626x6ny1vr2nbq3xiz2qkc5g3mcw-process-compose-0.88.0"
        },
        "x86_64-linux": {
          "outputs": [
            {
              "name": "out",
              "path": "/nix/store/y8wsjwmdk87x1vpwhmpq2nbfvqr28w4h-process-compose-0.88.0",
              "default": true
            }
          ],
          "store_path": "/nix/store/y8wsjwmdk87x1vpwhmpq2nbfvqr28w4h-process-compose-0.88.0"
        }
      }
    },
    "redis@latest": {
      "last_modified": "2024-03-08T13:51:52Z",
      "plugin_version": "0.0.2",
      "resolved": "github:NixOS/nixpkgs/a343533bccc62400e8a9560423486a3b6c11a23b#redis",
      "source": "devbox-search",
      "version": "7.2.4",
      "systems": {
        "aarch64-darwin": {
          "outputs": [
            {
              "name": "out",
              "path": "/nix/store/700kyznxcmlkqqabhwa64vmyg4aj6igj-redis-7.2.4",
              "default": true
            }
          ],
          "store_path": "/nix/store/700kyznxcmlkqqabhwa64vmyg4aj6igj-redis-7.2.4"
        },
        "aarch64-linux": {
          "outputs": [
            {
              "name": "out",
              "path": "/nix/store/xlc976dh4nb2aa0gzs0jfgld4cc3x8si-redis-7.2.4",
              "default": true
            }
          ],
          "store_path": "/nix/store/xlc976dh4nb2aa0gzs0jfgld4cc3x8si-redis-7.2.4"
        },
        "x86_64-darwin": {
          "outputs": [
            {
              "name": "out",
              "path": "/nix/store/5v58fadclljqa2fmwq281bx5wma9cslb-redis-7.2.4",
              "default": true
            }
          ],
          "store_path": "/nix/store/5v58fadclljqa2fmwq281bx5wma9cslb-redis-7.2.4"
        },
        "x86_64-linux": {
          "outputs": [
            {
              "name": "out",
              "path": "/nix/store/zp1lapdicjxnjhiz8l6j2j4nn6sa9fg5-redis-7.2.4",
              "default": true
            }
          ],
          "store_path": "/nix/store/zp1lapdicjxnjhiz8l6j2j4nn6sa9fg5-redis-7.2.4"
        }
      }
    },
    "rustup@latest": {
      "last_modified": "2024-03-08T13:51:52Z",
      "plugin_version": "0.0.1",
      "resolved": "github:NixOS/nixpkgs/a343533bccc62400e8a9560423486a3b6c11a23b#rustup",
      "source": "devbox-search",
      "version": "1.26.0",
      "systems": {
        "aarch64-darwin": {
          "outputs": [
            {
              "name": "out",
              "path": "/nix/store/hgzyfdwvy68mp3xpbniwavizcpd67s2y-rustup-1.26.0",
              "default": true
            }
          ],
          "store_path": "/nix/store/hgzyfdwvy68mp3xpbniwavizcpd67s2y-rustup-1.26.0"
        },
        "aarch64-linux": {
          "outputs": [
            {
              "name": "out",
              "path": "/nix/store/2pn6r28vj0lf62shzwj3i8r3mg2njdvh-rustup-1.26.0",
              "default": true
            }
          ],
          "store_path": "/nix/store/2pn6r28vj0lf62shzwj3i8r3mg2njdvh-rustup-1.26.0"
        },
        "x86_64-darwin": {
          "outputs": [
            {
              "name": "out",
              "path": "/nix/store/xwf6zn2y28655864c3m5453m02ig9id4-rustup-1.26.0",
              "default": true
            }
          ],
          "store_path": "/nix/store/xwf6zn2y28655864c3m5453m02ig9id4-rustup-1.26.0"
        },
        "x86_64-linux": {
          "outputs": [
            {
              "name": "out",
              "path": "/nix/store/49kaqs594l0i29b0dgzm3mvjz9blsdlj-rustup-1.26.0",
              "default": true
            }
          ],
          "store_path": "/nix/store/49kaqs594l0i29b0dgzm3mvjz9blsdlj-rustup-1.26.0"
        }
      }
    },
    "sqlx-cli@0.7.4": {
      "last_modified": "2024-03-15T20:27:35Z",
      "resolved": "github:NixOS/nixpkgs/9af9c1c87ed3e3ed271934cb896e0cdd33dae212#sqlx-cli",
      "source": "devbox-search",
      "version": "0.7.4",
      "systems": {
        "aarch64-darwin": {
          "outputs": [
            {
              "name": "out",
              "path": "/nix/store/hdd1fikpsmmr7v55hyqi5l1qrvind32w-sqlx-cli-0.7.4",
              "default": true
            }
          ],
          "store_path": "/nix/store/hdd1fikpsmmr7v55hyqi5l1qrvind32w-sqlx-cli-0.7.4"
        },
        "aarch64-linux": {
          "outputs": [
            {
              "name": "out",
              "path": "/nix/store/qbhx2v74s410kw31dlcjn2y73x3i2m3v-sqlx-cli-0.7.4",
              "default": true
            }
          ],
          "store_path": "/nix/store/qbhx2v74s410kw31dlcjn2y73x3i2m3v-sqlx-cli-0.7.4"
        },
        "x86_64-darwin": {
          "outputs": [
            {
              "name": "out",
              "path": "/nix/store/c6qb6p18gpkl24yiaw85jjvkzy170mxs-sqlx-cli-0.7.4",
              "default": true
            }
          ],
          "store_path": "/nix/store/c6qb6p18gpkl24yiaw85jjvkzy170mxs-sqlx-cli-0.7.4"
        },
        "x86_64-linux": {
          "outputs": [
            {
              "name": "out",
              "path": "/nix/store/ancr9rs3fyqhjs0y383p500fzdnqvrax-sqlx-cli-0.7.4",
              "default": true
            }
          ],
          "store_path": "/nix/store/ancr9rs3fyqhjs0y383p500fzdnqvrax-sqlx-cli-0.7.4"
        }
      }
    },
    "taplo@latest": {
      "last_modified": "2024-03-08T13:51:52Z",
      "resolved": "github:NixOS/nixpkgs/a343533bccc62400e8a9560423486a3b6c11a23b#taplo",
      "source": "devbox-search",
      "version": "0.9.0",
      "systems": {
        "aarch64-darwin": {
          "outputs": [
            {
              "name": "out",
              "path": "/nix/store/pjk5kfx9qmd44378r8v663hyp0xvp33y-taplo-0.9.0",
              "default": true
            }
          ],
          "store_path": "/nix/store/pjk5kfx9qmd44378r8v663hyp0xvp33y-taplo-0.9.0"
        },
        "aarch64-linux": {
          "outputs": [
            {
              "name": "out",
              "path": "/nix/store/5659hwbgi2yngfxv2a2fhvmzkh16ddiw-taplo-0.9.0",
              "default": true
            }
          ],
          "store_path": "/nix/store/5659hwbgi2yngfxv2a2fhvmzkh16ddiw-taplo-0.9.0"
        },
        "x86_64-darwin": {
          "outputs": [
            {
              "name": "out",
              "path": "/nix/store/6p3xprcffi7y42qhlckdpz13nnf0a91i-taplo-0.9.0",
              "default": true
            }
          ],
          "store_path": "/nix/store/6p3xprcffi7y42qhlckdpz13nnf0a91i-taplo-0.9.0"
        },
        "x86_64-linux": {
          "outputs": [
            {
              "name": "out",
              "path": "/nix/store/f2gyvpdrry85l4m31dz6ssfy8l01j1vp-taplo-0.9.0",
              "default": true
            }
          ],
          "store_path": "/nix/store/f2gyvpdrry85l4m31dz6ssfy8l01j1vp-taplo-0.9.0"
        }
      }
    },
    "trunk@latest": {
      "last_modified": "2024-03-19T05:49:19Z",
      "resolved": "github:NixOS/nixpkgs/5710127d9693421e78cca4f74fac2db6d67162b1#trunk",
      "source": "devbox-search",
      "version": "0.18.8",
      "systems": {
        "aarch64-darwin": {
          "outputs": [
            {
              "name": "out",
              "path": "/nix/store/b096mqapgigc3k2qf7vz7qdhh3qwkc4w-trunk-0.18.8",
              "default": true
            }
          ],
          "store_path": "/nix/store/b096mqapgigc3k2qf7vz7qdhh3qwkc4w-trunk-0.18.8"
        },
        "aarch64-linux": {
          "outputs": [
            {
              "name": "out",
              "path": "/nix/store/l5yfchh2yssjw7gi17r5n9qzkqvagjkr-trunk-0.18.8",
              "default": true
            }
          ],
          "store_path": "/nix/store/l5yfchh2yssjw7gi17r5n9qzkqvagjkr-trunk-0.18.8"
        },
        "x86_64-darwin": {
          "outputs": [
            {
              "name": "out",
              "path": "/nix/store/xgkmsii0lq2zmqn0gq63agdnwh54zkza-trunk-0.18.8",
              "default": true
            }
          ],
          "store_path": "/nix/store/xgkmsii0lq2zmqn0gq63agdnwh54zkza-trunk-0.18.8"
        },
        "x86_64-linux": {
          "outputs": [
            {
              "name": "out",
              "path": "/nix/store/j41rcb4151a2cv8sc35p0py2iwnbajj3-trunk-0.18.8",
              "default": true
            }
          ],
          "store_path": "/nix/store/j41rcb4151a2cv8sc35p0py2iwnbajj3-trunk-0.18.8"
        }
      }
    },
    "wasm-bindgen-cli@0.2.92": {
      "last_modified": "2024-06-12T20:55:33Z",
      "resolved": "github:NixOS/nixpkgs/a9858885e197f984d92d7fe64e9fff6b2e488d40#wasm-bindgen-cli",
      "source": "devbox-search",
      "version": "0.2.92",
      "systems": {
        "aarch64-darwin": {
          "outputs": [
            {
              "name": "out",
              "path": "/nix/store/g099623lcck4l831hdl0vbrx0jkvs0lf-wasm-bindgen-cli-0.2.92",
              "default": true
            }
          ],
          "store_path": "/nix/store/g099623lcck4l831hdl0vbrx0jkvs0lf-wasm-bindgen-cli-0.2.92"
        },
        "aarch64-linux": {
          "outputs": [
            {
              "name": "out",
              "path": "/nix/store/lmd32p7wy3208wxpymn2vi0fr2jmz5cs-wasm-bindgen-cli-0.2.92",
              "default": true
            }
          ],
          "store_path": "/nix/store/lmd32p7wy3208wxpymn2vi0fr2jmz5cs-wasm-bindgen-cli-0.2.92"
        },
        "x86_64-darwin": {
          "outputs": [
            {
              "name": "out",
              "path": "/nix/store/anmshjr9yay723xq2wpb8sm8n7dbh13j-wasm-bindgen-cli-0.2.92",
              "default": true
            }
          ],
          "store_path": "/nix/store/anmshjr9yay723xq2wpb8sm8n7dbh13j-wasm-bindgen-cli-0.2.92"
        },
        "x86_64-linux": {
          "outputs": [
            {
              "name": "out",
              "path": "/nix/store/3wcf2d9by37a8iq7460hcwh8mfn70v7c-wasm-bindgen-cli-0.2.92",
              "default": true
            }
          ],
          "store_path": "/nix/store/3wcf2d9by37a8iq7460hcwh8mfn70v7c-wasm-bindgen-cli-0.2.92"
        }
      }
    },
    "watchexec@latest": {
      "last_modified": "2024-03-08T13:51:52Z",
      "resolved": "github:NixOS/nixpkgs/a343533bccc62400e8a9560423486a3b6c11a23b#watchexec",
      "source": "devbox-search",
      "version": "1.25.1",
      "systems": {
        "aarch64-darwin": {
          "outputs": [
            {
              "name": "out",
              "path": "/nix/store/b7zb3j7qfzlqsa0qxqgy8h4ad97n3hbj-watchexec-1.25.1",
              "default": true
            }
          ],
          "store_path": "/nix/store/b7zb3j7qfzlqsa0qxqgy8h4ad97n3hbj-watchexec-1.25.1"
        },
        "aarch64-linux": {
          "outputs": [
            {
              "name": "out",
              "path": "/nix/store/pyw7rbpwnszz3fdhjbx9xigsc5sc082h-watchexec-1.25.1",
              "default": true
            }
          ],
          "store_path": "/nix/store/pyw7rbpwnszz3fdhjbx9xigsc5sc082h-watchexec-1.25.1"
        },
        "x86_64-darwin": {
          "outputs": [
            {
              "name": "out",
              "path": "/nix/store/dvzbvbiflnkdj4rc73a42spl1h0a9s3y-watchexec-1.25.1",
              "default": true
            }
          ],
          "store_path": "/nix/store/dvzbvbiflnkdj4rc73a42spl1h0a9s3y-watchexec-1.25.1"
        },
        "x86_64-linux": {
          "outputs": [
            {
              "name": "out",
              "path": "/nix/store/cmpvsqxji233axggw97c8ysbx202cpm5-watchexec-1.25.1",
              "default": true
            }
          ],
          "store_path": "/nix/store/cmpvsqxji233axggw97c8ysbx202cpm5-watchexec-1.25.1"
        }
      }
    }
  }
}
