{
  "lockfile_version": "1",
  "packages": {
    "binaryen@latest": {
      "last_modified": "2024-12-03T12:40:06Z",
      "resolved": "github:NixOS/nixpkgs/566e53c2ad750c84f6d31f9ccb9d00f823165550#binaryen",
      "source": "devbox-search",
      "version": "119",
      "systems": {
        "aarch64-darwin": {
          "outputs": [
            {
              "name": "out",
              "path": "/nix/store/blyyzx2dwk40ph2hxfi5sj7mh5zmm9sa-binaryen-119",
              "default": true
            }
          ],
          "store_path": "/nix/store/blyyzx2dwk40ph2hxfi5sj7mh5zmm9sa-binaryen-119"
        },
        "aarch64-linux": {
          "outputs": [
            {
              "name": "out",
              "path": "/nix/store/dpdiry391x48bk5hrk5kfzhd3hf6hspk-binaryen-119",
              "default": true
            }
          ],
          "store_path": "/nix/store/dpdiry391x48bk5hrk5kfzhd3hf6hspk-binaryen-119"
        },
        "x86_64-darwin": {
          "outputs": [
            {
              "name": "out",
              "path": "/nix/store/2yz6m6c5x2pqz89dywvgssg3csn4bfj3-binaryen-119",
              "default": true
            }
          ],
          "store_path": "/nix/store/2yz6m6c5x2pqz89dywvgssg3csn4bfj3-binaryen-119"
        },
        "x86_64-linux": {
          "outputs": [
            {
              "name": "out",
              "path": "/nix/store/nbwk6prg14398l69f0zc7ynqacbi525f-binaryen-119",
              "default": true
            }
          ],
          "store_path": "/nix/store/nbwk6prg14398l69f0zc7ynqacbi525f-binaryen-119"
        }
      }
    },
    "cargo-audit@latest": {
      "last_modified": "2024-12-23T21:10:33Z",
      "resolved": "github:NixOS/nixpkgs/de1864217bfa9b5845f465e771e0ecb48b30e02d#cargo-audit",
      "source": "devbox-search",
      "version": "0.21.0",
      "systems": {
        "aarch64-darwin": {
          "outputs": [
            {
              "name": "out",
              "path": "/nix/store/a2g14x8h35klag9vqxmjic9pkrb6zflv-cargo-audit-0.21.0",
              "default": true
            }
          ],
          "store_path": "/nix/store/a2g14x8h35klag9vqxmjic9pkrb6zflv-cargo-audit-0.21.0"
        },
        "aarch64-linux": {
          "outputs": [
            {
              "name": "out",
              "path": "/nix/store/ag04j5mppql3j4k03djyw8l8sbakfa1k-cargo-audit-0.21.0",
              "default": true
            }
          ],
          "store_path": "/nix/store/ag04j5mppql3j4k03djyw8l8sbakfa1k-cargo-audit-0.21.0"
        },
        "x86_64-darwin": {
          "outputs": [
            {
              "name": "out",
              "path": "/nix/store/46hmlb6m1drkv7ksxmcafkx6rj8l68m3-cargo-audit-0.21.0",
              "default": true
            }
          ],
          "store_path": "/nix/store/46hmlb6m1drkv7ksxmcafkx6rj8l68m3-cargo-audit-0.21.0"
        },
        "x86_64-linux": {
          "outputs": [
            {
              "name": "out",
              "path": "/nix/store/qcnxcgaiybw0hgbdnsy5vifrjli7yzv0-cargo-audit-0.21.0",
              "default": true
            }
          ],
          "store_path": "/nix/store/qcnxcgaiybw0hgbdnsy5vifrjli7yzv0-cargo-audit-0.21.0"
        }
      }
    },
    "cargo-binstall@latest": {
      "last_modified": "2025-01-11T15:21:40Z",
      "resolved": "github:NixOS/nixpkgs/590cc22eefd616c8f90608870d28afe25d37e8b8#cargo-binstall",
      "source": "devbox-search",
      "version": "1.10.19",
      "systems": {
        "aarch64-darwin": {
          "outputs": [
            {
              "name": "out",
              "path": "/nix/store/xqav9rh9jy0k8s6i37rkyzynbhrirc9v-cargo-binstall-1.10.19",
              "default": true
            }
          ],
          "store_path": "/nix/store/xqav9rh9jy0k8s6i37rkyzynbhrirc9v-cargo-binstall-1.10.19"
        },
        "aarch64-linux": {
          "outputs": [
            {
              "name": "out",
              "path": "/nix/store/b511yd62x54imc4vbl7z8k7vqc4db5wg-cargo-binstall-1.10.19",
              "default": true
            }
          ],
          "store_path": "/nix/store/b511yd62x54imc4vbl7z8k7vqc4db5wg-cargo-binstall-1.10.19"
        },
        "x86_64-darwin": {
          "outputs": [
            {
              "name": "out",
              "path": "/nix/store/x2if2afzcz3w8m1w3cr4q62jhdq2586m-cargo-binstall-1.10.19",
              "default": true
            }
          ],
          "store_path": "/nix/store/x2if2afzcz3w8m1w3cr4q62jhdq2586m-cargo-binstall-1.10.19"
        },
        "x86_64-linux": {
          "outputs": [
            {
              "name": "out",
              "path": "/nix/store/l66yl62cm6s476wlaa5qc6nvjmzwn463-cargo-binstall-1.10.19",
              "default": true
            }
          ],
          "store_path": "/nix/store/l66yl62cm6s476wlaa5qc6nvjmzwn463-cargo-binstall-1.10.19"
        }
      }
    },
    "cargo-chef@0.1.68": {
      "last_modified": "2024-12-23T21:10:33Z",
      "resolved": "github:NixOS/nixpkgs/de1864217bfa9b5845f465e771e0ecb48b30e02d#cargo-chef",
      "source": "devbox-search",
      "version": "0.1.68",
      "systems": {
        "aarch64-darwin": {
          "outputs": [
            {
              "name": "out",
              "path": "/nix/store/yz3lbrlsi21ifhqx3f43d12zryalssnj-cargo-chef-0.1.68",
              "default": true
            }
          ],
          "store_path": "/nix/store/yz3lbrlsi21ifhqx3f43d12zryalssnj-cargo-chef-0.1.68"
        },
        "aarch64-linux": {
          "outputs": [
            {
              "name": "out",
              "path": "/nix/store/xy26w4cc8rfxyrxq7cxl1s8068x4gnqw-cargo-chef-0.1.68",
              "default": true
            }
          ],
          "store_path": "/nix/store/xy26w4cc8rfxyrxq7cxl1s8068x4gnqw-cargo-chef-0.1.68"
        },
        "x86_64-darwin": {
          "outputs": [
            {
              "name": "out",
              "path": "/nix/store/hynjzfyksl8aivzq1ldi9qqbw3nmzs9l-cargo-chef-0.1.68",
              "default": true
            }
          ],
          "store_path": "/nix/store/hynjzfyksl8aivzq1ldi9qqbw3nmzs9l-cargo-chef-0.1.68"
        },
        "x86_64-linux": {
          "outputs": [
            {
              "name": "out",
              "path": "/nix/store/9hdg8lylywq518j20hkrzwbbzl8iclmb-cargo-chef-0.1.68",
              "default": true
            }
          ],
          "store_path": "/nix/store/9hdg8lylywq518j20hkrzwbbzl8iclmb-cargo-chef-0.1.68"
        }
      }
    },
    "cargo-machete@latest": {
      "last_modified": "2024-12-23T21:10:33Z",
      "resolved": "github:NixOS/nixpkgs/de1864217bfa9b5845f465e771e0ecb48b30e02d#cargo-machete",
      "source": "devbox-search",
      "version": "0.7.0",
      "systems": {
        "aarch64-darwin": {
          "outputs": [
            {
              "name": "out",
              "path": "/nix/store/lvpz8j5spsvrmarikds8h5qcqhk8zw1h-cargo-machete-0.7.0",
              "default": true
            }
          ],
          "store_path": "/nix/store/lvpz8j5spsvrmarikds8h5qcqhk8zw1h-cargo-machete-0.7.0"
        },
        "aarch64-linux": {
          "outputs": [
            {
              "name": "out",
              "path": "/nix/store/bdlyhzhr61vkq3d3wn5jw74khrc4j5qy-cargo-machete-0.7.0",
              "default": true
            }
          ],
          "store_path": "/nix/store/bdlyhzhr61vkq3d3wn5jw74khrc4j5qy-cargo-machete-0.7.0"
        },
        "x86_64-darwin": {
          "outputs": [
            {
              "name": "out",
              "path": "/nix/store/r73vdakplfb1cqzb4pr8gbipn382f2wq-cargo-machete-0.7.0",
              "default": true
            }
          ],
          "store_path": "/nix/store/r73vdakplfb1cqzb4pr8gbipn382f2wq-cargo-machete-0.7.0"
        },
        "x86_64-linux": {
          "outputs": [
            {
              "name": "out",
              "path": "/nix/store/7xsn5pij8yb4wagf5grvhh0368rdnqi2-cargo-machete-0.7.0",
              "default": true
            }
          ],
          "store_path": "/nix/store/7xsn5pij8yb4wagf5grvhh0368rdnqi2-cargo-machete-0.7.0"
        }
      }
    },
    "cargo-nextest@latest": {
      "last_modified": "2024-12-23T21:10:33Z",
      "resolved": "github:NixOS/nixpkgs/de1864217bfa9b5845f465e771e0ecb48b30e02d#cargo-nextest",
      "source": "devbox-search",
      "version": "0.9.87",
      "systems": {
        "aarch64-darwin": {
          "outputs": [
            {
              "name": "out",
              "path": "/nix/store/ygk5idj4p41pa63dm0m06a75pi6sw6q6-cargo-nextest-0.9.87",
              "default": true
            }
          ],
          "store_path": "/nix/store/ygk5idj4p41pa63dm0m06a75pi6sw6q6-cargo-nextest-0.9.87"
        },
        "aarch64-linux": {
          "outputs": [
            {
              "name": "out",
              "path": "/nix/store/5f5fbgyqgnhcs7i8yw2impbbkhbbx66x-cargo-nextest-0.9.87",
              "default": true
            }
          ],
          "store_path": "/nix/store/5f5fbgyqgnhcs7i8yw2impbbkhbbx66x-cargo-nextest-0.9.87"
        },
        "x86_64-darwin": {
          "outputs": [
            {
              "name": "out",
              "path": "/nix/store/fw8w0ymncfcm21qqksip64kmndgdmfmn-cargo-nextest-0.9.87",
              "default": true
            }
          ],
          "store_path": "/nix/store/fw8w0ymncfcm21qqksip64kmndgdmfmn-cargo-nextest-0.9.87"
        },
        "x86_64-linux": {
          "outputs": [
            {
              "name": "out",
              "path": "/nix/store/0b5s3h997zy4xb69n2a7aivcxk4m2sya-cargo-nextest-0.9.87",
              "default": true
            }
          ],
          "store_path": "/nix/store/0b5s3h997zy4xb69n2a7aivcxk4m2sya-cargo-nextest-0.9.87"
        }
      }
    },
    "cargo-outdated@latest": {
      "last_modified": "2024-12-23T21:10:33Z",
      "resolved": "github:NixOS/nixpkgs/de1864217bfa9b5845f465e771e0ecb48b30e02d#cargo-outdated",
      "source": "devbox-search",
      "version": "0.16.0",
      "systems": {
        "aarch64-darwin": {
          "outputs": [
            {
              "name": "out",
              "path": "/nix/store/ggk6sl36p3j800hdnjak1ixyfrg80bhh-cargo-outdated-0.16.0",
              "default": true
            }
          ],
          "store_path": "/nix/store/ggk6sl36p3j800hdnjak1ixyfrg80bhh-cargo-outdated-0.16.0"
        },
        "aarch64-linux": {
          "outputs": [
            {
              "name": "out",
              "path": "/nix/store/ppp47dv2kgric3mgbic4kkmidfs7r21g-cargo-outdated-0.16.0",
              "default": true
            }
          ],
          "store_path": "/nix/store/ppp47dv2kgric3mgbic4kkmidfs7r21g-cargo-outdated-0.16.0"
        },
        "x86_64-darwin": {
          "outputs": [
            {
              "name": "out",
              "path": "/nix/store/jikchy8h0mdwk6ajgkiwl33zdnqpsj3i-cargo-outdated-0.16.0",
              "default": true
            }
          ],
          "store_path": "/nix/store/jikchy8h0mdwk6ajgkiwl33zdnqpsj3i-cargo-outdated-0.16.0"
        },
        "x86_64-linux": {
          "outputs": [
            {
              "name": "out",
              "path": "/nix/store/4xqhk09va0zh9hf5sx3kl4xi3jalr134-cargo-outdated-0.16.0",
              "default": true
            }
          ],
          "store_path": "/nix/store/4xqhk09va0zh9hf5sx3kl4xi3jalr134-cargo-outdated-0.16.0"
        }
      }
    },
    "darwin.apple_sdk.frameworks.Foundation": {
      "resolved": "github:NixOS/nixpkgs/75a52265bda7fd25e06e3a67dee3f0354e73243c#darwin.apple_sdk.frameworks.Foundation",
      "source": "nixpkg",
      "systems": {
        "aarch64-darwin": {
          "outputs": [
            {
              "path": "/nix/store/8mbzyvgdhplq0g7kfzijgc3aawgkrnhm-apple-framework-Foundation-11.0.0",
              "default": true
            }
          ]
        }
      }
    },
    "docker-compose@latest": {
      "last_modified": "2025-01-09T11:09:19Z",
      "resolved": "github:NixOS/nixpkgs/32af3611f6f05655ca166a0b1f47b57c762b5192#docker-compose",
      "source": "devbox-search",
      "version": "2.32.2",
      "systems": {
        "aarch64-darwin": {
          "outputs": [
            {
              "name": "out",
              "path": "/nix/store/z1lx4rn2n1jfbp83jjl83qzfniz56v8n-docker-compose-2.32.2",
              "default": true
            }
          ],
          "store_path": "/nix/store/z1lx4rn2n1jfbp83jjl83qzfniz56v8n-docker-compose-2.32.2"
        },
        "aarch64-linux": {
          "outputs": [
            {
              "name": "out",
              "path": "/nix/store/cdjj4rf7gvldgv3yn9mj5wjxypf51p8g-docker-compose-2.32.2",
              "default": true
            }
          ],
          "store_path": "/nix/store/cdjj4rf7gvldgv3yn9mj5wjxypf51p8g-docker-compose-2.32.2"
        },
        "x86_64-darwin": {
          "outputs": [
            {
              "name": "out",
              "path": "/nix/store/72lapq24xp7kbm5likw4v86v4cy4s1s8-docker-compose-2.32.2",
              "default": true
            }
          ],
          "store_path": "/nix/store/72lapq24xp7kbm5likw4v86v4cy4s1s8-docker-compose-2.32.2"
        },
        "x86_64-linux": {
          "outputs": [
            {
              "name": "out",
              "path": "/nix/store/rxx7z7sjindad4qzhkzpv7x9lxd8b3hk-docker-compose-2.32.2",
              "default": true
            }
          ],
          "store_path": "/nix/store/rxx7z7sjindad4qzhkzpv7x9lxd8b3hk-docker-compose-2.32.2"
        }
      }
    },
    "fzf@latest": {
      "last_modified": "2025-01-20T10:56:48Z",
      "resolved": "github:NixOS/nixpkgs/300081d0cc72df578b02d914df941b8ec62240e6#fzf",
      "source": "devbox-search",
      "version": "0.58.0",
      "systems": {
        "aarch64-darwin": {
          "outputs": [
            {
              "name": "out",
              "path": "/nix/store/x2fwnan6h8r8z048i0lrakqzf078j5gn-fzf-0.58.0",
              "default": true
            },
            {
              "name": "man",
              "path": "/nix/store/0raabm51hi1bid66hs3fgk74q3rbbi9i-fzf-0.58.0-man",
              "default": true
            }
          ],
          "store_path": "/nix/store/x2fwnan6h8r8z048i0lrakqzf078j5gn-fzf-0.58.0"
        },
        "aarch64-linux": {
          "outputs": [
            {
              "name": "out",
              "path": "/nix/store/7iza4wiphn8524s44l9z0x0g0lrqqm6x-fzf-0.58.0",
              "default": true
            },
            {
              "name": "man",
              "path": "/nix/store/78g0dlgp6djv84sgz7pyik4r0ggqhrqm-fzf-0.58.0-man",
              "default": true
            }
          ],
          "store_path": "/nix/store/7iza4wiphn8524s44l9z0x0g0lrqqm6x-fzf-0.58.0"
        },
        "x86_64-darwin": {
          "outputs": [
            {
              "name": "out",
              "path": "/nix/store/6c9jn0h3z0ailan3zg17f4jry18ndn4d-fzf-0.58.0",
              "default": true
            },
            {
              "name": "man",
              "path": "/nix/store/h484xfl9br1hwmkbmqm024wbr9jjql4s-fzf-0.58.0-man",
              "default": true
            }
          ],
          "store_path": "/nix/store/6c9jn0h3z0ailan3zg17f4jry18ndn4d-fzf-0.58.0"
        },
        "x86_64-linux": {
          "outputs": [
            {
              "name": "out",
              "path": "/nix/store/d8fpqmf3igvi2qf2l78g6q3qmsh37j7i-fzf-0.58.0",
              "default": true
            },
            {
              "name": "man",
              "path": "/nix/store/q8y2sh8f18y0xigxyz27x398y6n76qvb-fzf-0.58.0-man",
              "default": true
            }
          ],
          "store_path": "/nix/store/d8fpqmf3igvi2qf2l78g6q3qmsh37j7i-fzf-0.58.0"
        }
      }
    },
    "iconv@latest": {
      "last_modified": "2025-01-20T10:56:48Z",
      "resolved": "github:NixOS/nixpkgs/300081d0cc72df578b02d914df941b8ec62240e6#iconv",
      "source": "devbox-search",
      "version": "2.40-36",
      "systems": {
        "aarch64-darwin": {
          "outputs": [
            {
              "path": "/nix/store/xlrxyhdh3irs3fh5rc94y99n9mvpjj7v-libiconv-107",
              "default": true
            }
          ]
        },
        "aarch64-linux": {
          "outputs": [
            {
              "name": "bin",
              "path": "/nix/store/a4qbhxyf1hqi4acaiq3h664fp0qrdiz7-glibc-2.40-36-bin",
              "default": true
            },
            {
              "name": "dev",
              "path": "/nix/store/ccm40rk4zlaarhqncxrfmav3yxkrf89h-glibc-2.40-36-dev"
            },
            {
              "name": "getent",
              "path": "/nix/store/7prizdx4y2hvsznqav8cc1gy7ksii8ck-glibc-2.40-36-getent"
            },
            {
              "name": "out",
              "path": "/nix/store/drwqk0p5nl41jpzhiy7jas47a0i0q6kd-glibc-2.40-36"
            },
            {
              "name": "static",
              "path": "/nix/store/svbpn5dkhcj58rcfn4r9xgfgi5bi30ja-glibc-2.40-36-static"
            },
            {
              "name": "debug",
              "path": "/nix/store/j1hrz43vnb1y0aqpkg56jj77ws451k83-glibc-2.40-36-debug"
            }
          ],
          "store_path": "/nix/store/a4qbhxyf1hqi4acaiq3h664fp0qrdiz7-glibc-2.40-36-bin"
        },
        "x86_64-linux": {
          "outputs": [
            {
              "name": "bin",
              "path": "/nix/store/a17b952gdq8g179vymqxmjah0ylgwd64-glibc-2.40-36-bin",
              "default": true
            },
            {
              "name": "getent",
              "path": "/nix/store/59qwdc44v3sp0mhg8drcn0058s822p46-glibc-2.40-36-getent"
            },
            {
              "name": "out",
              "path": "/nix/store/h7zcxabfxa7v5xdna45y2hplj31ncf8a-glibc-2.40-36"
            },
            {
              "name": "static",
              "path": "/nix/store/qb0yc83zqcliizhbpafi03jwacsqcc54-glibc-2.40-36-static"
            },
            {
              "name": "debug",
              "path": "/nix/store/j1rfa8x8kpp9hkzwhcpr8jfkyqidy0hq-glibc-2.40-36-debug"
            },
            {
              "name": "dev",
              "path": "/nix/store/hn4s3cq7368jkb2db02gzxhdzfa3g9zp-glibc-2.40-36-dev"
            }
          ],
          "store_path": "/nix/store/a17b952gdq8g179vymqxmjah0ylgwd64-glibc-2.40-36-bin"
        }
      }
    },
    "just@latest": {
      "last_modified": "2025-01-16T05:04:52Z",
      "resolved": "github:NixOS/nixpkgs/ae06b9c2d83cb5c8b12d7d0e32692e93d1379713#just",
      "source": "devbox-search",
      "version": "1.38.0",
      "systems": {
        "aarch64-darwin": {
          "outputs": [
            {
              "name": "out",
              "path": "/nix/store/y5p9kh23a2prqs8z7xr06pv0w0wcbqyg-just-1.38.0",
              "default": true
            },
            {
              "name": "man",
              "path": "/nix/store/akbh1cq91fq5wxm7b5b5l0a7na87g690-just-1.38.0-man",
              "default": true
            },
            {
              "name": "doc",
              "path": "/nix/store/d0pgca0lrbr26ipjp643k7vcvc7p30gk-just-1.38.0-doc"
            }
          ],
          "store_path": "/nix/store/y5p9kh23a2prqs8z7xr06pv0w0wcbqyg-just-1.38.0"
        },
        "aarch64-linux": {
          "outputs": [
            {
              "name": "out",
              "path": "/nix/store/swfwll0dr9h8bndaz1shp0ayb6qgk9i3-just-1.38.0",
              "default": true
            },
            {
              "name": "man",
              "path": "/nix/store/i9vir8cyf81bncdi3sxmlw0ym8ypzm92-just-1.38.0-man",
              "default": true
            },
            {
              "name": "doc",
              "path": "/nix/store/sw63s9lircwznknp604wjy9xsq4l6716-just-1.38.0-doc"
            }
          ],
          "store_path": "/nix/store/swfwll0dr9h8bndaz1shp0ayb6qgk9i3-just-1.38.0"
        },
        "x86_64-darwin": {
          "outputs": [
            {
              "name": "out",
              "path": "/nix/store/n32qw3g0cq9xfl4byplrynj1qwf27gy3-just-1.38.0",
              "default": true
            },
            {
              "name": "man",
              "path": "/nix/store/zgrahz735hw0rq20zlqizkpq7hzrv8vk-just-1.38.0-man",
              "default": true
            },
            {
              "name": "doc",
              "path": "/nix/store/smg4xr7k46aqs5k7zyd9pw26hm4sz16q-just-1.38.0-doc"
            }
          ],
          "store_path": "/nix/store/n32qw3g0cq9xfl4byplrynj1qwf27gy3-just-1.38.0"
        },
        "x86_64-linux": {
          "outputs": [
            {
              "name": "out",
              "path": "/nix/store/ga1qahmy57dnan90y8jcrp1r87k7p9r4-just-1.38.0",
              "default": true
            },
            {
              "name": "man",
              "path": "/nix/store/mk0w95r30il6clawksffvfyzaxf9dlaz-just-1.38.0-man",
              "default": true
            },
            {
              "name": "doc",
              "path": "/nix/store/61nh8qdxx0fl7sfkb1bmfsscdjscw216-just-1.38.0-doc"
            }
          ],
          "store_path": "/nix/store/ga1qahmy57dnan90y8jcrp1r87k7p9r4-just-1.38.0"
        }
      }
    },
    "lld@latest": {
      "last_modified": "2025-01-19T08:16:51Z",
      "resolved": "github:NixOS/nixpkgs/50165c4f7eb48ce82bd063e1fb8047a0f515f8ce#lld",
      "source": "devbox-search",
      "version": "19.1.6",
      "systems": {
        "aarch64-darwin": {
          "outputs": [
            {
              "name": "out",
              "path": "/nix/store/bv6wkw6z90wh6j04vxm9grqjzm4g5z40-lld-19.1.6",
              "default": true
            },
            {
              "name": "dev",
              "path": "/nix/store/hfszd8pqwawna8pcqxcw4qf9w78rrqrd-lld-19.1.6-dev"
            },
            {
              "name": "lib",
              "path": "/nix/store/x88dda7awc6ig2pw82dfihi0ns8qi4mv-lld-19.1.6-lib"
            }
          ],
          "store_path": "/nix/store/bv6wkw6z90wh6j04vxm9grqjzm4g5z40-lld-19.1.6"
        },
        "aarch64-linux": {
          "outputs": [
            {
              "name": "out",
              "path": "/nix/store/gzvs4dj4c4k1bhjclp25748z2xv25j01-lld-19.1.6",
              "default": true
            },
            {
              "name": "dev",
              "path": "/nix/store/1h5kskqfq9yk4l0sx7lcvn2gq5wjhjvl-lld-19.1.6-dev"
            },
            {
              "name": "lib",
              "path": "/nix/store/x4hkpl2xkh6f713b0kv1sqk0ib08aw4z-lld-19.1.6-lib"
            }
          ],
          "store_path": "/nix/store/gzvs4dj4c4k1bhjclp25748z2xv25j01-lld-19.1.6"
        },
        "x86_64-darwin": {
          "outputs": [
            {
              "name": "out",
              "path": "/nix/store/nq27gflfbsc75i0ypnh0bkgvy4ycsd6c-lld-19.1.6",
              "default": true
            },
            {
              "name": "dev",
              "path": "/nix/store/krlf7k1082jpl5746flqnwlkq816nvw0-lld-19.1.6-dev"
            },
            {
              "name": "lib",
              "path": "/nix/store/iwk0p7mn8ifgxirm63pv2w0ab3f2yv7n-lld-19.1.6-lib"
            }
          ],
          "store_path": "/nix/store/nq27gflfbsc75i0ypnh0bkgvy4ycsd6c-lld-19.1.6"
        },
        "x86_64-linux": {
          "outputs": [
            {
              "name": "out",
              "path": "/nix/store/06dagss9s7q532p1pwkrlvb2j8v9i60j-lld-19.1.6",
              "default": true
            },
            {
              "name": "dev",
              "path": "/nix/store/3rvfwkl6hgvj1x9nza3764w9vhcj3wwd-lld-19.1.6-dev"
            },
            {
              "name": "lib",
              "path": "/nix/store/2zqcmqj69xyhnzra8m4jxlay9jz1vap2-lld-19.1.6-lib"
            }
          ],
          "store_path": "/nix/store/06dagss9s7q532p1pwkrlvb2j8v9i60j-lld-19.1.6"
        }
      }
    },
    "nodejs_22@latest": {
      "last_modified": "2025-01-19T08:16:51Z",
      "plugin_version": "0.0.2",
      "resolved": "github:NixOS/nixpkgs/50165c4f7eb48ce82bd063e1fb8047a0f515f8ce#nodejs_22",
      "source": "devbox-search",
      "version": "22.12.0",
      "systems": {
        "aarch64-darwin": {
          "outputs": [
            {
              "name": "out",
              "path": "/nix/store/ygk01vha6k5zxgn9rsxi3k6cm2kbnwsc-nodejs-22.12.0",
              "default": true
            },
            {
              "name": "libv8",
              "path": "/nix/store/hvpmcjbmsyknlpjjd7a8na891fv4a81i-nodejs-22.12.0-libv8"
            }
          ],
          "store_path": "/nix/store/ygk01vha6k5zxgn9rsxi3k6cm2kbnwsc-nodejs-22.12.0"
        },
        "aarch64-linux": {
          "outputs": [
            {
              "name": "out",
              "path": "/nix/store/jdgrvyf5l99rzjayicxjw7i6p98r0rlb-nodejs-22.12.0",
              "default": true
            },
            {
              "name": "libv8",
              "path": "/nix/store/48is8354i9qwj194id0ncczkvzvfqhim-nodejs-22.12.0-libv8"
            }
          ],
          "store_path": "/nix/store/jdgrvyf5l99rzjayicxjw7i6p98r0rlb-nodejs-22.12.0"
        },
        "x86_64-darwin": {
          "outputs": [
            {
              "name": "out",
              "path": "/nix/store/6fnlali5gqihxs02adk1bdzjsya9cacp-nodejs-22.12.0",
              "default": true
            },
            {
              "name": "libv8",
              "path": "/nix/store/gvys8kz8pdw62ch2x7k25rrmcw3mqnrw-nodejs-22.12.0-libv8"
            }
          ],
          "store_path": "/nix/store/6fnlali5gqihxs02adk1bdzjsya9cacp-nodejs-22.12.0"
        },
        "x86_64-linux": {
          "outputs": [
            {
              "name": "out",
              "path": "/nix/store/k1r91cjalyc2mzzllpv5hklhqn8wvgjr-nodejs-22.12.0",
              "default": true
            },
            {
              "name": "libv8",
              "path": "/nix/store/n7x07hrc6sjhh6as6c75g15blq1c1ykh-nodejs-22.12.0-libv8"
            }
          ],
          "store_path": "/nix/store/k1r91cjalyc2mzzllpv5hklhqn8wvgjr-nodejs-22.12.0"
        }
      }
    },
    "openssl.dev": {
      "resolved": "github:NixOS/nixpkgs/57695599bdc4f7bfe5d28cfa23f14b3d8bdf8a5f#openssl.dev",
      "source": "nixpkg",
      "systems": {
        "aarch64-darwin": {
          "outputs": [
            {
              "name": "dev",
              "path": "/nix/store/i2vbq6cfki2xnar69w43n01f1k07varc-openssl-3.0.9-dev",
              "default": true
            }
          ]
        }
      }
    },
    "pkg-config@latest": {
      "last_modified": "2024-12-23T21:10:33Z",
      "resolved": "github:NixOS/nixpkgs/de1864217bfa9b5845f465e771e0ecb48b30e02d#pkg-config",
      "source": "devbox-search",
      "version": "0.29.2",
      "systems": {
        "aarch64-darwin": {
          "outputs": [
            {
              "name": "out",
              "path": "/nix/store/8q86l30fjpgf800jwahdn4kylm99ibg5-pkg-config-wrapper-0.29.2",
              "default": true
            },
            {
              "name": "man",
              "path": "/nix/store/5jysq3g0p4aj4bc9vh52db1ix0f5q767-pkg-config-wrapper-0.29.2-man",
              "default": true
            },
            {
              "name": "doc",
              "path": "/nix/store/vy7bpc8rb4x027gsvx1dy3kzlgd1jg7i-pkg-config-wrapper-0.29.2-doc"
            }
          ],
          "store_path": "/nix/store/8q86l30fjpgf800jwahdn4kylm99ibg5-pkg-config-wrapper-0.29.2"
        },
        "aarch64-linux": {
          "outputs": [
            {
              "name": "out",
              "path": "/nix/store/ivyizy8i8zg04mibiqh672ljx7zns2qs-pkg-config-wrapper-0.29.2",
              "default": true
            },
            {
              "name": "man",
              "path": "/nix/store/5cx279ky7hi0j7zdn9rrrp7962bqvjv0-pkg-config-wrapper-0.29.2-man",
              "default": true
            },
            {
              "name": "doc",
              "path": "/nix/store/wdhr09g0h453xi752fhq654hmnds5z5v-pkg-config-wrapper-0.29.2-doc"
            }
          ],
          "store_path": "/nix/store/ivyizy8i8zg04mibiqh672ljx7zns2qs-pkg-config-wrapper-0.29.2"
        },
        "x86_64-darwin": {
          "outputs": [
            {
              "name": "out",
              "path": "/nix/store/ra4ajarnml1xzbrp0ll5332f422ny2lc-pkg-config-wrapper-0.29.2",
              "default": true
            },
            {
              "name": "man",
              "path": "/nix/store/xy9yv26ii1yk1grqdfbnmjrjqmz4n9gm-pkg-config-wrapper-0.29.2-man",
              "default": true
            },
            {
              "name": "doc",
              "path": "/nix/store/qjsx2x66ckfrv3j98ns0clmig33fbb6d-pkg-config-wrapper-0.29.2-doc"
            }
          ],
          "store_path": "/nix/store/ra4ajarnml1xzbrp0ll5332f422ny2lc-pkg-config-wrapper-0.29.2"
        },
        "x86_64-linux": {
          "outputs": [
            {
              "name": "out",
              "path": "/nix/store/0d4m43yp69lrm8imxbqgl9zxjwwz52jw-pkg-config-wrapper-0.29.2",
              "default": true
            },
            {
              "name": "man",
              "path": "/nix/store/xjpdc7ryah1y4l9m8qd5n1hcywfapwdi-pkg-config-wrapper-0.29.2-man",
              "default": true
            },
            {
              "name": "doc",
              "path": "/nix/store/m1hymzl44iajsldspj2xa5if0g4ladfd-pkg-config-wrapper-0.29.2-doc"
            }
          ],
          "store_path": "/nix/store/0d4m43yp69lrm8imxbqgl9zxjwwz52jw-pkg-config-wrapper-0.29.2"
        }
      }
    },
    "postgresql_15@latest": {
      "last_modified": "2025-01-20T10:56:48Z",
      "plugin_version": "0.0.2",
      "resolved": "github:NixOS/nixpkgs/300081d0cc72df578b02d914df941b8ec62240e6#postgresql_15",
      "source": "devbox-search",
      "version": "15.10",
      "systems": {
        "aarch64-darwin": {
          "outputs": [
            {
              "name": "out",
              "path": "/nix/store/wkn34k3sycblnqq6yrhrqyank3m53wqn-postgresql-15.10",
              "default": true
            },
            {
              "name": "man",
              "path": "/nix/store/8xhf6nbfly0cjr45y08a96y7cmzcg6bi-postgresql-15.10-man",
              "default": true
            },
            {
              "name": "lib",
              "path": "/nix/store/i9bgd0am5q7xi5j3r0j1zbiykjskg3kx-postgresql-15.10-lib"
            },
            {
              "name": "dev",
              "path": "/nix/store/xdlpi5d8baaic22y5ggh8dsl5wl5g8rp-postgresql-15.10-dev"
            },
            {
              "name": "doc",
              "path": "/nix/store/c7vn0d25i934dmxa5scarjbm63nx9aml-postgresql-15.10-doc"
            }
          ],
          "store_path": "/nix/store/wkn34k3sycblnqq6yrhrqyank3m53wqn-postgresql-15.10"
        },
        "aarch64-linux": {
          "outputs": [
            {
              "name": "out",
              "path": "/nix/store/pf7k84hvv89x3j47ik3s3ipaq3kj9fii-postgresql-15.10",
              "default": true
            },
            {
              "name": "man",
              "path": "/nix/store/msd8zh8s9rrjhslm2cy3gki5aqkpysfa-postgresql-15.10-man",
              "default": true
            },
            {
              "name": "lib",
              "path": "/nix/store/1415j9fj5ximj0sn7hpk7322szi7ajn7-postgresql-15.10-lib"
            },
            {
              "name": "debug",
              "path": "/nix/store/v2br69xi77a5kvfamymcm9s9spm6gjbd-postgresql-15.10-debug"
            },
            {
              "name": "dev",
              "path": "/nix/store/9903nyvzn5g198p61mz3kxcgxyk139dd-postgresql-15.10-dev"
            },
            {
              "name": "doc",
              "path": "/nix/store/yphjsnfv7866asl9459i0wmq4mgmw5bb-postgresql-15.10-doc"
            }
          ],
          "store_path": "/nix/store/pf7k84hvv89x3j47ik3s3ipaq3kj9fii-postgresql-15.10"
        },
        "x86_64-darwin": {
          "outputs": [
            {
              "name": "out",
              "path": "/nix/store/2n11v4xfycpqc9141m6qdv5zpp6y333x-postgresql-15.10",
              "default": true
            },
            {
              "name": "man",
              "path": "/nix/store/81x9w6g39lgadhcdf2kjn26f61j5cndc-postgresql-15.10-man",
              "default": true
            },
            {
              "name": "dev",
              "path": "/nix/store/dppcddvgwa7z7qpll1kmzz4bkf3lh6bk-postgresql-15.10-dev"
            },
            {
              "name": "doc",
              "path": "/nix/store/ppacc61a14mq2bk05253898x6h47m0s7-postgresql-15.10-doc"
            },
            {
              "name": "lib",
              "path": "/nix/store/0mkn441x27m74vlh25wnqwzk6ssz77rr-postgresql-15.10-lib"
            }
          ],
          "store_path": "/nix/store/2n11v4xfycpqc9141m6qdv5zpp6y333x-postgresql-15.10"
        },
        "x86_64-linux": {
          "outputs": [
            {
              "name": "out",
              "path": "/nix/store/116qwqh0bk748qmk542wlwh8jp4h723w-postgresql-15.10",
              "default": true
            },
            {
              "name": "man",
              "path": "/nix/store/ic2jzc2296cv8iw2lpvdcrjhr9rqb1ax-postgresql-15.10-man",
              "default": true
            },
            {
              "name": "doc",
              "path": "/nix/store/jzh0bm27m5g6lnb5bmyc3wwna9dv9im9-postgresql-15.10-doc"
            },
            {
              "name": "lib",
              "path": "/nix/store/x321wr7xk9hm9hhyyp5fw9iysa55nzw6-postgresql-15.10-lib"
            },
            {
              "name": "debug",
              "path": "/nix/store/ijdx0iw277a4vsb09l337c1l53fym7mn-postgresql-15.10-debug"
            },
            {
              "name": "dev",
              "path": "/nix/store/pf529p45n9mavvrajfpl1r0igl0wfvgs-postgresql-15.10-dev"
            }
          ],
          "store_path": "/nix/store/116qwqh0bk748qmk542wlwh8jp4h723w-postgresql-15.10"
        }
      }
    },
    "pre-commit@latest": {
      "last_modified": "2025-01-17T10:46:57Z",
      "resolved": "github:NixOS/nixpkgs/041c867bad68dfe34b78b2813028a2e2ea70a23c#pre-commit",
      "source": "devbox-search",
      "version": "4.0.1",
      "systems": {
        "aarch64-darwin": {
          "outputs": [
            {
              "name": "out",
              "path": "/nix/store/yrvj71mmaqlsy3kgsi9dwi6r45z0276k-pre-commit-4.0.1",
              "default": true
            },
            {
              "name": "dist",
              "path": "/nix/store/v8q5k1775xb87zj4dgxpbc656vha3mkg-pre-commit-4.0.1-dist"
            }
          ],
          "store_path": "/nix/store/yrvj71mmaqlsy3kgsi9dwi6r45z0276k-pre-commit-4.0.1"
        },
        "aarch64-linux": {
          "outputs": [
            {
              "name": "out",
              "path": "/nix/store/ajy3kf03maa564l2l0jqvgs7plw0dma9-pre-commit-4.0.1",
              "default": true
            },
            {
              "name": "dist",
              "path": "/nix/store/fzc8p64gaidhmvn0v11ky5h01jkhc5my-pre-commit-4.0.1-dist"
            }
          ],
          "store_path": "/nix/store/ajy3kf03maa564l2l0jqvgs7plw0dma9-pre-commit-4.0.1"
        },
        "x86_64-darwin": {
          "outputs": [
            {
              "name": "out",
              "path": "/nix/store/9if5395ypzra8wv10qywyx74aq4abk2n-pre-commit-4.0.1",
              "default": true
            },
            {
              "name": "dist",
              "path": "/nix/store/ixc8jnpf445cvf799hn6nhm9iracksn5-pre-commit-4.0.1-dist"
            }
          ],
          "store_path": "/nix/store/9if5395ypzra8wv10qywyx74aq4abk2n-pre-commit-4.0.1"
        },
        "x86_64-linux": {
          "outputs": [
            {
              "name": "out",
              "path": "/nix/store/pvabsm1cz8h85ryxa9hhyifx9wyn4zln-pre-commit-4.0.1",
              "default": true
            },
            {
              "name": "dist",
              "path": "/nix/store/fcdjgn6fawj6sjb2m8ay9xf255wnld2w-pre-commit-4.0.1-dist"
            }
          ],
          "store_path": "/nix/store/pvabsm1cz8h85ryxa9hhyifx9wyn4zln-pre-commit-4.0.1"
        }
      }
    },
    "process-compose@latest": {
      "last_modified": "2024-12-23T21:10:33Z",
      "resolved": "github:NixOS/nixpkgs/de1864217bfa9b5845f465e771e0ecb48b30e02d#process-compose",
      "source": "devbox-search",
      "version": "1.46.0",
      "systems": {
        "aarch64-darwin": {
          "outputs": [
            {
              "name": "out",
              "path": "/nix/store/yh1dvjqdjgnpimqg9zr99n0d1vh8nmz9-process-compose-1.46.0",
              "default": true
            }
          ],
          "store_path": "/nix/store/yh1dvjqdjgnpimqg9zr99n0d1vh8nmz9-process-compose-1.46.0"
        },
        "aarch64-linux": {
          "outputs": [
            {
              "name": "out",
              "path": "/nix/store/fylbhpii8x0khy6bbp7k9884q14nsrzi-process-compose-1.46.0",
              "default": true
            }
          ],
          "store_path": "/nix/store/fylbhpii8x0khy6bbp7k9884q14nsrzi-process-compose-1.46.0"
        },
        "x86_64-darwin": {
          "outputs": [
            {
              "name": "out",
              "path": "/nix/store/yc1d9hv0kagf4dlmy2941i3glxxjcy53-process-compose-1.46.0",
              "default": true
            }
          ],
          "store_path": "/nix/store/yc1d9hv0kagf4dlmy2941i3glxxjcy53-process-compose-1.46.0"
        },
        "x86_64-linux": {
          "outputs": [
            {
              "name": "out",
              "path": "/nix/store/x6j7mgda458kfb07jjy57h0xx696ch5n-process-compose-1.46.0",
              "default": true
            }
          ],
          "store_path": "/nix/store/x6j7mgda458kfb07jjy57h0xx696ch5n-process-compose-1.46.0"
        }
      }
    },
    "redis@latest": {
      "last_modified": "2024-12-23T21:10:33Z",
      "plugin_version": "0.0.2",
      "resolved": "github:NixOS/nixpkgs/de1864217bfa9b5845f465e771e0ecb48b30e02d#redis",
      "source": "devbox-search",
      "version": "7.2.6",
      "systems": {
        "aarch64-darwin": {
          "outputs": [
            {
              "name": "out",
              "path": "/nix/store/9lcnhfbsgc8p3r2wadk9d7yqz9mmy6mv-redis-7.2.6",
              "default": true
            }
          ],
          "store_path": "/nix/store/9lcnhfbsgc8p3r2wadk9d7yqz9mmy6mv-redis-7.2.6"
        },
        "aarch64-linux": {
          "outputs": [
            {
              "name": "out",
              "path": "/nix/store/7q22qwaxn9771ynmsx83yz5r7lxvk0w9-redis-7.2.6",
              "default": true
            }
          ],
          "store_path": "/nix/store/7q22qwaxn9771ynmsx83yz5r7lxvk0w9-redis-7.2.6"
        },
        "x86_64-darwin": {
          "outputs": [
            {
              "name": "out",
              "path": "/nix/store/686i051ch1466l1v169sa40dhj0vqi8s-redis-7.2.6",
              "default": true
            }
          ],
          "store_path": "/nix/store/686i051ch1466l1v169sa40dhj0vqi8s-redis-7.2.6"
        },
        "x86_64-linux": {
          "outputs": [
            {
              "name": "out",
              "path": "/nix/store/rs6j9ss9d54z82aiqxq211f0a1p96aqx-redis-7.2.6",
              "default": true
            }
          ],
          "store_path": "/nix/store/rs6j9ss9d54z82aiqxq211f0a1p96aqx-redis-7.2.6"
        }
      }
    },
    "rustup@latest": {
      "last_modified": "2024-12-23T21:10:33Z",
      "plugin_version": "0.0.1",
      "resolved": "github:NixOS/nixpkgs/de1864217bfa9b5845f465e771e0ecb48b30e02d#rustup",
      "source": "devbox-search",
      "version": "1.27.1",
      "systems": {
        "aarch64-darwin": {
          "outputs": [
            {
              "name": "out",
              "path": "/nix/store/f577am7fddddky4gfsfbzvy22n5qqanh-rustup-1.27.1",
              "default": true
            }
          ],
          "store_path": "/nix/store/f577am7fddddky4gfsfbzvy22n5qqanh-rustup-1.27.1"
        },
        "aarch64-linux": {
          "outputs": [
            {
              "name": "out",
              "path": "/nix/store/88ngn7j1pgljmi74ldlbnk4mm8mfw3a5-rustup-1.27.1",
              "default": true
            }
          ],
          "store_path": "/nix/store/88ngn7j1pgljmi74ldlbnk4mm8mfw3a5-rustup-1.27.1"
        },
        "x86_64-darwin": {
          "outputs": [
            {
              "name": "out",
              "path": "/nix/store/94viny8yipljwgxvyz1xljcg3mpgnyfp-rustup-1.27.1",
              "default": true
            }
          ],
          "store_path": "/nix/store/94viny8yipljwgxvyz1xljcg3mpgnyfp-rustup-1.27.1"
        },
        "x86_64-linux": {
          "outputs": [
            {
              "name": "out",
              "path": "/nix/store/61mams7q42fvaxh33s5vmnb8mljhasw2-rustup-1.27.1",
              "default": true
            }
          ],
          "store_path": "/nix/store/61mams7q42fvaxh33s5vmnb8mljhasw2-rustup-1.27.1"
        }
      }
    },
    "sqlfluff@latest": {
      "last_modified": "2025-01-05T01:56:15Z",
      "resolved": "github:NixOS/nixpkgs/bf689c40d035239a489de5997a4da5352434632e#sqlfluff",
      "source": "devbox-search",
      "version": "3.3.0",
      "systems": {
        "aarch64-darwin": {
          "outputs": [
            {
              "name": "out",
              "path": "/nix/store/qm1p61klicwrj0p5lzk3d020zkb6clyx-sqlfluff-3.3.0",
              "default": true
            },
            {
              "name": "dist",
              "path": "/nix/store/sf26jshh5244031m95p5svrxab5zk1rf-sqlfluff-3.3.0-dist"
            }
          ],
          "store_path": "/nix/store/qm1p61klicwrj0p5lzk3d020zkb6clyx-sqlfluff-3.3.0"
        },
        "aarch64-linux": {
          "outputs": [
            {
              "name": "out",
              "path": "/nix/store/lmqinqw791dkrpnmryh8353javqycg3i-sqlfluff-3.3.0",
              "default": true
            },
            {
              "name": "dist",
              "path": "/nix/store/hl5y43pbzb07nxwhbkanp2g7xl7kdw6w-sqlfluff-3.3.0-dist"
            }
          ],
          "store_path": "/nix/store/lmqinqw791dkrpnmryh8353javqycg3i-sqlfluff-3.3.0"
        },
        "x86_64-darwin": {
          "outputs": [
            {
              "name": "out",
              "path": "/nix/store/fgsvib1qdq3a1vj1yvjc56c9qrqxyd9i-sqlfluff-3.3.0",
              "default": true
            },
            {
              "name": "dist",
              "path": "/nix/store/yz39613c4nd2h44n2w0imn3ylp6h2bm3-sqlfluff-3.3.0-dist"
            }
          ],
          "store_path": "/nix/store/fgsvib1qdq3a1vj1yvjc56c9qrqxyd9i-sqlfluff-3.3.0"
        },
        "x86_64-linux": {
          "outputs": [
            {
              "name": "out",
              "path": "/nix/store/5g4kgqslh8spf514xvcs8f4501ribz8a-sqlfluff-3.3.0",
              "default": true
            },
            {
              "name": "dist",
              "path": "/nix/store/6x7a4dfd1bjq0lnxpz941pj8mv8m3kai-sqlfluff-3.3.0-dist"
            }
          ],
          "store_path": "/nix/store/5g4kgqslh8spf514xvcs8f4501ribz8a-sqlfluff-3.3.0"
        }
      }
    },
    "sqlx-cli@0.8.3": {
      "last_modified": "2025-01-13T08:04:02Z",
      "resolved": "github:NixOS/nixpkgs/ef56e777fedaa4da8c66a150081523c5de1e0171#sqlx-cli",
      "source": "devbox-search",
      "version": "0.8.3",
      "systems": {
        "aarch64-darwin": {
          "outputs": [
            {
              "name": "out",
              "path": "/nix/store/8kmnj4jrqqmkmsiwkyi9jx1y36wzn66n-sqlx-cli-0.8.3",
              "default": true
            }
          ],
          "store_path": "/nix/store/8kmnj4jrqqmkmsiwkyi9jx1y36wzn66n-sqlx-cli-0.8.3"
        },
        "aarch64-linux": {
          "outputs": [
            {
              "name": "out",
              "path": "/nix/store/mysxzkyxlyrlkp8m7ahir018vrh59xqk-sqlx-cli-0.8.3",
              "default": true
            }
          ],
          "store_path": "/nix/store/mysxzkyxlyrlkp8m7ahir018vrh59xqk-sqlx-cli-0.8.3"
        },
        "x86_64-darwin": {
          "outputs": [
            {
              "name": "out",
              "path": "/nix/store/qdwdyqxw98yngzyl49s2b2il1cz57v28-sqlx-cli-0.8.3",
              "default": true
            }
          ],
          "store_path": "/nix/store/qdwdyqxw98yngzyl49s2b2il1cz57v28-sqlx-cli-0.8.3"
        },
        "x86_64-linux": {
          "outputs": [
            {
              "name": "out",
              "path": "/nix/store/bh1slni97lwl7x7m1kaksivla7hsrsvg-sqlx-cli-0.8.3",
              "default": true
            }
          ],
          "store_path": "/nix/store/bh1slni97lwl7x7m1kaksivla7hsrsvg-sqlx-cli-0.8.3"
        }
      }
    },
    "taplo@latest": {
      "last_modified": "2024-12-23T21:10:33Z",
      "resolved": "github:NixOS/nixpkgs/de1864217bfa9b5845f465e771e0ecb48b30e02d#taplo",
      "source": "devbox-search",
      "version": "0.9.3",
      "systems": {
        "aarch64-darwin": {
          "outputs": [
            {
              "name": "out",
              "path": "/nix/store/fmqxhzrxby0z8nkgbm825x18kw40p7zr-taplo-0.9.3",
              "default": true
            }
          ],
          "store_path": "/nix/store/fmqxhzrxby0z8nkgbm825x18kw40p7zr-taplo-0.9.3"
        },
        "aarch64-linux": {
          "outputs": [
            {
              "name": "out",
              "path": "/nix/store/9w5hq41ka4m3ljn851w9i0pa734jfx65-taplo-0.9.3",
              "default": true
            }
          ],
          "store_path": "/nix/store/9w5hq41ka4m3ljn851w9i0pa734jfx65-taplo-0.9.3"
        },
        "x86_64-darwin": {
          "outputs": [
            {
              "name": "out",
              "path": "/nix/store/b7d3hx5nrqqswv43a4mgxl984r67k8hh-taplo-0.9.3",
              "default": true
            }
          ],
          "store_path": "/nix/store/b7d3hx5nrqqswv43a4mgxl984r67k8hh-taplo-0.9.3"
        },
        "x86_64-linux": {
          "outputs": [
            {
              "name": "out",
              "path": "/nix/store/25kkgr42cslhms8i28yix4nzjb3155a3-taplo-0.9.3",
              "default": true
            }
          ],
          "store_path": "/nix/store/25kkgr42cslhms8i28yix4nzjb3155a3-taplo-0.9.3"
        }
      }
    },
    "trunk@latest": {
      "last_modified": "2025-01-02T12:43:26Z",
      "resolved": "github:NixOS/nixpkgs/d6973081434f88088e5321f83ebafe9a1167c367#trunk",
      "source": "devbox-search",
      "version": "0.21.5",
      "systems": {
        "aarch64-darwin": {
          "outputs": [
            {
              "name": "out",
              "path": "/nix/store/zqd84b9ljqssaz26xix0df00s5s100si-trunk-0.21.5",
              "default": true
            }
          ],
          "store_path": "/nix/store/zqd84b9ljqssaz26xix0df00s5s100si-trunk-0.21.5"
        },
        "aarch64-linux": {
          "outputs": [
            {
              "name": "out",
              "path": "/nix/store/mk0ks7hf4lyy94p4l4hpfp714jf2f217-trunk-0.21.5",
              "default": true
            }
          ],
          "store_path": "/nix/store/mk0ks7hf4lyy94p4l4hpfp714jf2f217-trunk-0.21.5"
        },
        "x86_64-darwin": {
          "outputs": [
            {
              "name": "out",
              "path": "/nix/store/ch10xacd45svpc8r6w2gl4jy4bfjcvf6-trunk-0.21.5",
              "default": true
            }
          ],
          "store_path": "/nix/store/ch10xacd45svpc8r6w2gl4jy4bfjcvf6-trunk-0.21.5"
        },
        "x86_64-linux": {
          "outputs": [
            {
              "name": "out",
              "path": "/nix/store/39vv58jhc4py63436yzji40pwnkambjv-trunk-0.21.5",
              "default": true
            }
          ],
          "store_path": "/nix/store/39vv58jhc4py63436yzji40pwnkambjv-trunk-0.21.5"
        }
      }
    },
    "watchexec@latest": {
      "last_modified": "2024-12-23T21:10:33Z",
      "resolved": "github:NixOS/nixpkgs/de1864217bfa9b5845f465e771e0ecb48b30e02d#watchexec",
      "source": "devbox-search",
      "version": "2.2.1",
      "systems": {
        "aarch64-darwin": {
          "outputs": [
            {
              "name": "out",
              "path": "/nix/store/va984lpywi9dcnav47ka6h8k87rl4ljr-watchexec-2.2.1",
              "default": true
            }
          ],
          "store_path": "/nix/store/va984lpywi9dcnav47ka6h8k87rl4ljr-watchexec-2.2.1"
        },
        "aarch64-linux": {
          "outputs": [
            {
              "name": "out",
              "path": "/nix/store/wvw92xw658rblcjwamr7ka9fpfvrf9fi-watchexec-2.2.1",
              "default": true
            }
          ],
          "store_path": "/nix/store/wvw92xw658rblcjwamr7ka9fpfvrf9fi-watchexec-2.2.1"
        },
        "x86_64-darwin": {
          "outputs": [
            {
              "name": "out",
              "path": "/nix/store/c3hyr9wg8caxz4kjlhl43fbb030i26dg-watchexec-2.2.1",
              "default": true
            }
          ],
          "store_path": "/nix/store/c3hyr9wg8caxz4kjlhl43fbb030i26dg-watchexec-2.2.1"
        },
        "x86_64-linux": {
          "outputs": [
            {
              "name": "out",
              "path": "/nix/store/0gmzkwq7xybyii2y5gdfszkbrc2kcyaq-watchexec-2.2.1",
              "default": true
            }
          ],
          "store_path": "/nix/store/0gmzkwq7xybyii2y5gdfszkbrc2kcyaq-watchexec-2.2.1"
        }
      }
    }
  }
}
