{
  "lockfile_version": "1",
  "packages": {
    "binaryen@latest": {
      "last_modified": "2023-12-13T22:54:10Z",
      "resolved": "github:NixOS/nixpkgs/fd04bea4cbf76f86f244b9e2549fca066db8ddff#binaryen",
      "source": "devbox-search",
      "version": "116",
      "systems": {
        "aarch64-darwin": {
          "store_path": "/nix/store/lrh1j43q8z9kxayyjc2awsg8b98lwrnr-binaryen-116"
        },
        "aarch64-linux": {
          "store_path": "/nix/store/28jg58j5j59cs5agnbadsxc5b9k0ra4p-binaryen-116"
        },
        "x86_64-darwin": {
          "store_path": "/nix/store/6plv6pw7hzfdjqqif4z4zyks24s7f0wc-binaryen-116"
        },
        "x86_64-linux": {
          "store_path": "/nix/store/x9sa41n91wkcc6g6pax2pg0saq48lni1-binaryen-116"
        }
      }
    },
    "cargo-audit@latest": {
      "last_modified": "2023-12-13T22:54:10Z",
      "resolved": "github:NixOS/nixpkgs/fd04bea4cbf76f86f244b9e2549fca066db8ddff#cargo-audit",
      "source": "devbox-search",
      "version": "0.18.3",
      "systems": {
        "aarch64-darwin": {
          "store_path": "/nix/store/wzibfmb3cbap2lpwjz0fqy4d90v7c9m5-cargo-audit-0.18.3"
        },
        "aarch64-linux": {
          "store_path": "/nix/store/lzyf4a0swydzinx3m046sl93xz8bm37h-cargo-audit-0.18.3"
        },
        "x86_64-darwin": {
          "store_path": "/nix/store/swbws4vc5py33k9zrbcm1k7wvbvz1g78-cargo-audit-0.18.3"
        },
        "x86_64-linux": {
          "store_path": "/nix/store/yrpdba76sc5f2ws42v8jf646mkvs8nak-cargo-audit-0.18.3"
        }
      }
    },
    "cargo-chef@latest": {
      "last_modified": "2023-12-13T22:54:10Z",
      "resolved": "github:NixOS/nixpkgs/fd04bea4cbf76f86f244b9e2549fca066db8ddff#cargo-chef",
      "source": "devbox-search",
      "version": "0.1.62",
      "systems": {
        "aarch64-darwin": {
          "store_path": "/nix/store/xid0nnffsi14c9k5kw5h7npnbz3fghpw-cargo-chef-0.1.62"
        },
        "aarch64-linux": {
          "store_path": "/nix/store/8nmx74k5girvwl6xqj9z5fvc65s008nj-cargo-chef-0.1.62"
        },
        "x86_64-darwin": {
          "store_path": "/nix/store/9j54s990mzwsaga6k29d1k4r33iahcpi-cargo-chef-0.1.62"
        },
        "x86_64-linux": {
          "store_path": "/nix/store/wlm0kvgl242vkyxp6dkzf67d6wqb2nkh-cargo-chef-0.1.62"
        }
      }
    },
    "cargo-expand@latest": {
      "last_modified": "2024-01-07T11:22:52Z",
      "resolved": "github:NixOS/nixpkgs/24fe8bb4f552ad3926274d29e083b79d84707da6#cargo-expand",
      "source": "devbox-search",
      "version": "1.0.79",
      "systems": {
        "aarch64-darwin": {
          "store_path": "/nix/store/p1f242z5xpas9dg95x1d0945vd9vl6x8-cargo-expand-1.0.79"
        },
        "aarch64-linux": {
          "store_path": "/nix/store/567iwpws1y20hfdsajd97cj926659610-cargo-expand-1.0.79"
        },
        "x86_64-darwin": {
          "store_path": "/nix/store/kxa4ind56ahs1hyc8acb7k84j8bsk4k6-cargo-expand-1.0.79"
        },
        "x86_64-linux": {
          "store_path": "/nix/store/nbcdinxqmf8r2i0mbdjqwlyxnlazk5nm-cargo-expand-1.0.79"
        }
      }
    },
    "cargo-llvm-cov@0.5.31": {
      "last_modified": "2023-09-06T20:35:33Z",
      "resolved": "github:NixOS/nixpkgs/efd23a1c9ae8c574e2ca923c2b2dc336797f4cc4#cargo-llvm-cov",
      "source": "devbox-search",
      "version": "0.5.31",
      "systems": {
        "aarch64-darwin": {
          "store_path": "/nix/store/30l060a3qm955yrr1jazpprzgqz92yfb-cargo-llvm-cov-0.5.31"
        },
        "aarch64-linux": {
          "store_path": "/nix/store/vb2xpb8q5wc9j0zf2km1zf0q05gbh2vp-cargo-llvm-cov-0.5.31"
        },
        "x86_64-darwin": {
          "store_path": "/nix/store/288nrax00b3nydklkfcg5ydhbp7k1b18-cargo-llvm-cov-0.5.31"
        },
        "x86_64-linux": {
          "store_path": "/nix/store/1r9igm85s24cg5l05mlkarx0cljmwsqm-cargo-llvm-cov-0.5.31"
        }
      }
    },
    "cargo-nextest@latest": {
      "last_modified": "2023-12-18T02:58:18Z",
      "resolved": "github:NixOS/nixpkgs/ca16221251951e9c6261a1a2bb4f9389038d3632#cargo-nextest",
      "source": "devbox-search",
      "version": "0.9.66",
      "systems": {
        "aarch64-darwin": {
          "store_path": "/nix/store/dk7ks5gi8k3ik106j0npgcrzpbnyv3fa-cargo-nextest-0.9.66"
        },
        "aarch64-linux": {
          "store_path": "/nix/store/vlj3fdhpw5isd8ns465v9p0ykc21hpn4-cargo-nextest-0.9.66"
        },
        "x86_64-darwin": {
          "store_path": "/nix/store/ybn7bnal1j2pzkkmi5msniij0kjsb41h-cargo-nextest-0.9.66"
        },
        "x86_64-linux": {
          "store_path": "/nix/store/3yl7vgm2qkp7skr5gskbfd457f6g43cg-cargo-nextest-0.9.66"
        }
      }
    },
    "cargo-outdated@latest": {
      "last_modified": "2023-12-13T22:54:10Z",
      "resolved": "github:NixOS/nixpkgs/fd04bea4cbf76f86f244b9e2549fca066db8ddff#cargo-outdated",
      "source": "devbox-search",
      "version": "0.14.0",
      "systems": {
        "aarch64-darwin": {
          "store_path": "/nix/store/a6vgfyhj3mpi827qir697mfyqzvacw44-cargo-outdated-0.14.0"
        },
        "aarch64-linux": {
          "store_path": "/nix/store/2d621mwh6himw1srgi4pyw6arijsgz46-cargo-outdated-0.14.0"
        },
        "x86_64-darwin": {
          "store_path": "/nix/store/pvy7niixcm7lhib05ca6qsyj9zdpkmk8-cargo-outdated-0.14.0"
        },
        "x86_64-linux": {
          "store_path": "/nix/store/abrjrj16k0bv71cbxp5w4c6693y8m92d-cargo-outdated-0.14.0"
        }
      }
    },
    "darwin.apple_sdk.frameworks.Foundation": {
      "resolved": "github:NixOS/nixpkgs/75a52265bda7fd25e06e3a67dee3f0354e73243c#darwin.apple_sdk.frameworks.Foundation",
      "source": "nixpkg"
    },
    "fzf@latest": {
      "last_modified": "2024-01-02T02:19:20Z",
      "resolved": "github:NixOS/nixpkgs/63143ac2c9186be6d9da6035fa22620018c85932#fzf",
      "source": "devbox-search",
      "version": "0.45.0",
      "systems": {
        "aarch64-darwin": {
          "store_path": "/nix/store/yq6zg7gli3i93mmrd9dxbb7kwnqlbrga-fzf-0.45.0"
        },
        "aarch64-linux": {
          "store_path": "/nix/store/rsb77ysh86kr8a8v9kjgp30y591zzwz7-fzf-0.45.0"
        },
        "x86_64-darwin": {
          "store_path": "/nix/store/777rd0hwbdmbc1zcilihi972q5kl7m6k-fzf-0.45.0"
        },
        "x86_64-linux": {
          "store_path": "/nix/store/rg6aa8qnkhkkmc7afx43c7aqiyv3623h-fzf-0.45.0"
        }
      }
    },
    "iconv@latest": {
      "last_modified": "2024-01-07T11:22:52Z",
      "resolved": "github:NixOS/nixpkgs/24fe8bb4f552ad3926274d29e083b79d84707da6#iconv",
      "source": "devbox-search",
      "version": "2.38-27",
      "systems": {
        "aarch64-linux": {
          "store_path": "/nix/store/kb6qqzjziwmwj0d8g2qx6ygdp1mffrlr-glibc-2.38-27-bin"
        },
        "x86_64-linux": {
          "store_path": "/nix/store/bh4lz3c2n3qfbm2hhwjhnqcaxcjs2sm8-glibc-2.38-27-bin"
        }
      }
    },
    "just@latest": {
      "last_modified": "2024-01-07T11:22:52Z",
      "resolved": "github:NixOS/nixpkgs/24fe8bb4f552ad3926274d29e083b79d84707da6#just",
      "source": "devbox-search",
      "version": "1.22.0",
      "systems": {
        "aarch64-darwin": {
          "store_path": "/nix/store/wj7fm6j8nympmflx8qgpq4m61pzgfii4-just-1.22.0"
        },
        "aarch64-linux": {
          "store_path": "/nix/store/v0jzmmgwbd6kq0blxc4k6dsdb6rb80za-just-1.22.0"
        },
        "x86_64-darwin": {
          "store_path": "/nix/store/7891h2ysgzcccja8pdjp90jvnfaqjj2d-just-1.22.0"
        },
        "x86_64-linux": {
          "store_path": "/nix/store/am5fyf5pg6d5r1fm91x2d2ck8kl9i19h-just-1.22.0"
        }
      }
    },
    "nodejs@latest": {
      "last_modified": "2023-12-25T10:13:25Z",
      "resolved": "github:NixOS/nixpkgs/e1fa12d4f6c6fe19ccb59cac54b5b3f25e160870#nodejs_21",
      "source": "devbox-search",
      "version": "21.5.0",
      "systems": {
        "aarch64-darwin": {
          "store_path": "/nix/store/v8vw6h0agr1687qp1azgffg4h172w2ap-nodejs-21.5.0"
        },
        "aarch64-linux": {
          "store_path": "/nix/store/wrgj8cbi8j99k1v9g2kddil5dwnjcjzp-nodejs-21.5.0"
        },
        "x86_64-darwin": {
          "store_path": "/nix/store/cc7bhvkx351rsfx7wja5wxnqxis4mj9g-nodejs-21.5.0"
        },
        "x86_64-linux": {
          "store_path": "/nix/store/jra6nl09vh0grv4s7m3q778havhs1l6i-nodejs-21.5.0"
        }
      }
    },
    "openssl.dev": {
      "resolved": "github:NixOS/nixpkgs/57695599bdc4f7bfe5d28cfa23f14b3d8bdf8a5f#openssl.dev",
      "source": "nixpkg"
    },
    "pkg-config@latest": {
      "last_modified": "2023-12-13T22:54:10Z",
      "resolved": "github:NixOS/nixpkgs/fd04bea4cbf76f86f244b9e2549fca066db8ddff#pkg-config",
      "source": "devbox-search",
      "version": "0.29.2",
      "systems": {
        "aarch64-darwin": {
          "store_path": "/nix/store/xanxf5bwj0ddd7q34jlafask4475vvpr-pkg-config-wrapper-0.29.2"
        },
        "aarch64-linux": {
          "store_path": "/nix/store/lvxz93ch8h0rb0pjphwskyzlwf4vjyhg-pkg-config-wrapper-0.29.2"
        },
        "x86_64-darwin": {
          "store_path": "/nix/store/8dvza2rzbya8mdfjygsh9pkcwncz0vfw-pkg-config-wrapper-0.29.2"
        },
        "x86_64-linux": {
          "store_path": "/nix/store/1nvm1a9a9mlwyy7d0hapkzchxgjgpw19-pkg-config-wrapper-0.29.2"
        }
      }
    },
    "postgresql_15@latest": {
      "last_modified": "2023-12-25T10:13:25Z",
      "plugin_version": "0.0.2",
      "resolved": "github:NixOS/nixpkgs/e1fa12d4f6c6fe19ccb59cac54b5b3f25e160870#postgresql_15",
      "source": "devbox-search",
      "version": "15.5",
      "systems": {
        "aarch64-darwin": {
          "store_path": "/nix/store/jp57dszaypiidwh8jp3nk9vnrplnshzg-postgresql-15.5"
        },
        "aarch64-linux": {
          "store_path": "/nix/store/l61rzagch5jivqlh5i3rksc6f93hgksb-postgresql-15.5"
        },
        "x86_64-darwin": {
          "store_path": "/nix/store/zhk6mf2y5c07zqf519zjkm3fm2nazmvj-postgresql-15.5"
        },
        "x86_64-linux": {
          "store_path": "/nix/store/66kcbzqny81nina13j9kldi32cdbidmr-postgresql-15.5"
        }
      }
    },
    "pre-commit@latest": {
      "last_modified": "2024-01-02T02:19:20Z",
      "resolved": "github:NixOS/nixpkgs/63143ac2c9186be6d9da6035fa22620018c85932#pre-commit",
      "source": "devbox-search",
      "version": "3.6.0",
      "systems": {
        "aarch64-darwin": {
          "store_path": "/nix/store/sk456nhh6xj6y88qkdb97qpssr1ck31c-pre-commit-3.6.0"
        },
        "aarch64-linux": {
          "store_path": "/nix/store/jl6qkmixqydw7bmrdxk49zyn8mdjqrar-pre-commit-3.6.0"
        },
        "x86_64-darwin": {
          "store_path": "/nix/store/5a8p2s1nm9m0a9xqxwljxmgvhknz30p8-pre-commit-3.6.0"
        },
        "x86_64-linux": {
          "store_path": "/nix/store/f1p24lcpbx448qhhxwnmvil6f8q6776w-pre-commit-3.6.0"
        }
      }
    },
    "process-compose@latest": {
      "last_modified": "2024-01-07T11:22:52Z",
      "resolved": "github:NixOS/nixpkgs/24fe8bb4f552ad3926274d29e083b79d84707da6#process-compose",
      "source": "devbox-search",
      "version": "0.77.8",
      "systems": {
        "aarch64-darwin": {
          "store_path": "/nix/store/vd6wsrx4q6p3cl9q7w7848037kw9c4xp-process-compose-0.77.8"
        },
        "aarch64-linux": {
          "store_path": "/nix/store/h2j2dv9yajy50fhdp942b3p93dfpqkq3-process-compose-0.77.8"
        },
        "x86_64-darwin": {
          "store_path": "/nix/store/5scbp622m7h06x5rf7gb5636fhcvwjwh-process-compose-0.77.8"
        },
        "x86_64-linux": {
          "store_path": "/nix/store/fwi6cnlv30j7lqpn7j17f24xvbnykn3p-process-compose-0.77.8"
        }
      }
    },
    "redis@latest": {
      "last_modified": "2023-12-13T22:54:10Z",
      "plugin_version": "0.0.2",
      "resolved": "github:NixOS/nixpkgs/fd04bea4cbf76f86f244b9e2549fca066db8ddff#redis",
      "source": "devbox-search",
      "version": "7.2.3",
      "systems": {
        "aarch64-darwin": {
          "store_path": "/nix/store/9hj5ginc9j8zs2cqkgr8bxxlg4rbmvb4-redis-7.2.3"
        },
        "aarch64-linux": {
          "store_path": "/nix/store/j34c705x5knr3d1j2is343lcqgcdiy9z-redis-7.2.3"
        },
        "x86_64-darwin": {
          "store_path": "/nix/store/apf5y4lkbihfy211hdz4032sajsmqak6-redis-7.2.3"
        },
        "x86_64-linux": {
          "store_path": "/nix/store/cp2r5an3bcvg9cliqhvg7mx4knnylmha-redis-7.2.3"
        }
      }
    },
    "rustup@latest": {
      "last_modified": "2023-12-13T22:54:10Z",
      "plugin_version": "0.0.1",
      "resolved": "github:NixOS/nixpkgs/fd04bea4cbf76f86f244b9e2549fca066db8ddff#rustup",
      "source": "devbox-search",
      "version": "1.26.0",
      "systems": {
        "aarch64-darwin": {
          "store_path": "/nix/store/vxkkk5s4lh1vs1l7ha2kzdvys6v5s4f0-rustup-1.26.0"
        },
        "aarch64-linux": {
          "store_path": "/nix/store/41i200xm2hj4hcvmscgl7hyv8vbk6z22-rustup-1.26.0"
        },
        "x86_64-darwin": {
          "store_path": "/nix/store/s33xi47sbilcfx2d6x5ci89k9sv6a9i5-rustup-1.26.0"
        },
        "x86_64-linux": {
          "store_path": "/nix/store/v645k4q9rfi9lansn6rizz9qdf00a3fz-rustup-1.26.0"
        }
      }
    },
    "sqlx-cli@0.7.1": {
      "last_modified": "2023-12-13T22:54:10Z",
      "resolved": "github:NixOS/nixpkgs/fd04bea4cbf76f86f244b9e2549fca066db8ddff#sqlx-cli",
      "source": "devbox-search",
      "version": "0.7.1",
      "systems": {
        "aarch64-darwin": {
          "store_path": "/nix/store/29rgrz5lxa51ysbjkfagkfhm4x31l30q-sqlx-cli-0.7.1"
        },
        "aarch64-linux": {
          "store_path": "/nix/store/ipak8gvmw3sg9i69ir77dqh3wcwiiv8m-sqlx-cli-0.7.1"
        },
        "x86_64-darwin": {
          "store_path": "/nix/store/jc81pywxr06qq2h99ad0sycds2ghi6zd-sqlx-cli-0.7.1"
        },
        "x86_64-linux": {
          "store_path": "/nix/store/4s9hhqrf3igbmimvsn29y12frzb93c3l-sqlx-cli-0.7.1"
        }
      }
    },
    "taplo@latest": {
      "last_modified": "2023-12-13T22:54:10Z",
      "resolved": "github:NixOS/nixpkgs/fd04bea4cbf76f86f244b9e2549fca066db8ddff#taplo",
      "source": "devbox-search",
      "version": "0.8.1",
      "systems": {
        "aarch64-darwin": {
          "store_path": "/nix/store/77d116ngnrcq20ygxbkyb7r0q2yd05ss-taplo-0.8.1"
        },
        "aarch64-linux": {
          "store_path": "/nix/store/bvmlmlxs5n0cnrgmn0hgvznl9bkmmf17-taplo-0.8.1"
        },
        "x86_64-darwin": {
          "store_path": "/nix/store/45id2gar96khgkm3sb8nnv4kq91xixig-taplo-0.8.1"
        },
        "x86_64-linux": {
          "store_path": "/nix/store/pm6akfw0fad1s4dgq7vdmmjc4wxj0g1b-taplo-0.8.1"
        }
      }
    },
    "trunk@latest": {
      "last_modified": "2024-01-07T11:22:52Z",
      "resolved": "github:NixOS/nixpkgs/24fe8bb4f552ad3926274d29e083b79d84707da6#trunk",
      "source": "devbox-search",
      "version": "0.18.3",
      "systems": {
        "aarch64-darwin": {
          "store_path": "/nix/store/5kf3lldxwyw9cljbrsfg1fp4xlmnflzx-trunk-0.18.3"
        },
        "aarch64-linux": {
          "store_path": "/nix/store/sc1nnhij51cggvz7im50v3z8pzvznkxm-trunk-0.18.3"
        },
        "x86_64-darwin": {
          "store_path": "/nix/store/im4c28wnl8j1s1lslzj9ja1wx2id5qji-trunk-0.18.3"
        },
        "x86_64-linux": {
          "store_path": "/nix/store/xyq9nh18v122yvipzgsk3l328jb3flnz-trunk-0.18.3"
        }
      }
    },
    "wasm-bindgen-cli@0.2.89": {
      "last_modified": "2023-12-13T22:54:10Z",
      "resolved": "github:NixOS/nixpkgs/fd04bea4cbf76f86f244b9e2549fca066db8ddff#wasm-bindgen-cli",
      "source": "devbox-search",
      "version": "0.2.89",
      "systems": {
        "aarch64-darwin": {
          "store_path": "/nix/store/f18iipmx53mg7nihkn9a3212aqmdqpb5-wasm-bindgen-cli-0.2.89"
        },
        "aarch64-linux": {
          "store_path": "/nix/store/gf12p9ha76ny7dnb4z56yaz7hiw9mzmf-wasm-bindgen-cli-0.2.89"
        },
        "x86_64-darwin": {
          "store_path": "/nix/store/j1w3lqayh1v4ymi8j7li391g89q8f6jx-wasm-bindgen-cli-0.2.89"
        },
        "x86_64-linux": {
          "store_path": "/nix/store/l3cl8yjf2zlx9yy7awg0979c79f0gjk1-wasm-bindgen-cli-0.2.89"
        }
      }
    },
    "watchexec@latest": {
      "last_modified": "2024-01-07T11:22:52Z",
      "resolved": "github:NixOS/nixpkgs/24fe8bb4f552ad3926274d29e083b79d84707da6#watchexec",
      "source": "devbox-search",
      "version": "1.25.0",
      "systems": {
        "aarch64-darwin": {
          "store_path": "/nix/store/21nyi2s9ijzjfmzj0vn9kcr28psrbwyw-watchexec-1.25.0"
        },
        "aarch64-linux": {
          "store_path": "/nix/store/wwfbcy6w3rawigxp81cgzhc1qxvpjmah-watchexec-1.25.0"
        },
        "x86_64-darwin": {
          "store_path": "/nix/store/05ff9630h1lcrb1ifzvp9j1lizz6p6iy-watchexec-1.25.0"
        },
        "x86_64-linux": {
          "store_path": "/nix/store/3fypqadvqwqssbqwi2w98fvpdxchvkm1-watchexec-1.25.0"
        }
      }
    }
  }
}
